{
  "object": {
    "pins": [
      {
        "package": "Introspect",
        "repositoryURL": "https://github.com/timbersoftware/SwiftUI-Introspect.git",
        "state": {
          "branch": null,
          "revision": "de5c32c15ae169cfcb27397ffb2734dcd0e1e6d5",
          "version": "0.1.0"
        }
      },
      {
        "package": "SwiftUIPager",
        "repositoryURL": "https://github.com/fermoya/SwiftUIPager.git",
        "state": {
          "branch": null,
          "revision": "d0ed8fd7bbd24e97f93216b2f809a3ec71a32db2",
          "version": "1.5.1"
        }
      }
    ]
  },
  "version": 1
}
