// !$*UTF8*$!
{
	archiveVersion = 1;
	classes = {
	};
	objectVersion = 50;
	objects = {

/* Begin PBXBuildFile section */
		DA053CD824F5CD2B00A1D825 /* Localizable.stringsdict in Resources */ = {isa = PBXBuildFile; fileRef = DA053CDA24F5CD2B00A1D825 /* Localizable.stringsdict */; };
		DA08834024CCF550003B7020 /* Snack+CoreDataClass.swift in Sources */ = {isa = PBXBuildFile; fileRef = DA08833E24CCF550003B7020 /* Snack+CoreDataClass.swift */; };
		DA08834124CCF550003B7020 /* Snack+CoreDataProperties.swift in Sources */ = {isa = PBXBuildFile; fileRef = DA08833F24CCF550003B7020 /* Snack+CoreDataProperties.swift */; };
		DA08834824CE15A0003B7020 /* NappyChangeFormSheet.swift in Sources */ = {isa = PBXBuildFile; fileRef = DA08834724CE15A0003B7020 /* NappyChangeFormSheet.swift */; };
		DA08834A24CE423E003B7020 /* BottleFeedsFormSheet.swift in Sources */ = {isa = PBXBuildFile; fileRef = DA08834924CE423E003B7020 /* BottleFeedsFormSheet.swift */; };
		DA08834C24CE45EA003B7020 /* ExpressedMilkFormSheet.swift in Sources */ = {isa = PBXBuildFile; fileRef = DA08834B24CE45EA003B7020 /* ExpressedMilkFormSheet.swift */; };
		DA08834E24CE4917003B7020 /* SnackFormSheet.swift in Sources */ = {isa = PBXBuildFile; fileRef = DA08834D24CE4917003B7020 /* SnackFormSheet.swift */; };
		DA08835024CE4AEA003B7020 /* ManualFeedTimerEntryFormSheet.swift in Sources */ = {isa = PBXBuildFile; fileRef = DA08834F24CE4AEA003B7020 /* ManualFeedTimerEntryFormSheet.swift */; };
		DA08835224CE50C8003B7020 /* NaptimeFormSheet.swift in Sources */ = {isa = PBXBuildFile; fileRef = DA08835124CE50C8003B7020 /* NaptimeFormSheet.swift */; };
		DA08835424CEC4E9003B7020 /* Snack+snackList.swift in Sources */ = {isa = PBXBuildFile; fileRef = DA08835324CEC4E9003B7020 /* Snack+snackList.swift */; };
		DA0F7F9B24DABED200955B6B /* UImage+resizable.swift in Sources */ = {isa = PBXBuildFile; fileRef = DA0F7F9A24DABED200955B6B /* UImage+resizable.swift */; };
		DA0F7F9D24DAC65100955B6B /* AvatarImageView.swift in Sources */ = {isa = PBXBuildFile; fileRef = DA0F7F9C24DAC65100955B6B /* AvatarImageView.swift */; };
		DA15EA4425018DC500F5DB57 /* DevelopmentDataActionsView.swift in Sources */ = {isa = PBXBuildFile; fileRef = DA15EA4325018DC500F5DB57 /* DevelopmentDataActionsView.swift */; };
		DA18ECE424D6026200211144 /* ChildrenDashboardListView.swift in Sources */ = {isa = PBXBuildFile; fileRef = DA18ECE324D6026200211144 /* ChildrenDashboardListView.swift */; };
		DA224EB224DFF085006FCFC3 /* EditBottleFeedView.swift in Sources */ = {isa = PBXBuildFile; fileRef = DA224EB124DFF085006FCFC3 /* EditBottleFeedView.swift */; };
		DA224EB424DFF6BD006FCFC3 /* EditNapView.swift in Sources */ = {isa = PBXBuildFile; fileRef = DA224EB324DFF6BD006FCFC3 /* EditNapView.swift */; };
		DA224EB624DFF946006FCFC3 /* EditNappyChangeView.swift in Sources */ = {isa = PBXBuildFile; fileRef = DA224EB524DFF946006FCFC3 /* EditNappyChangeView.swift */; };
		DA224EB824E000BA006FCFC3 /* EditSnackView.swift in Sources */ = {isa = PBXBuildFile; fileRef = DA224EB724E000BA006FCFC3 /* EditSnackView.swift */; };
		DA2B0FD624C8E64D00209638 /* DispatchQueue+background.swift in Sources */ = {isa = PBXBuildFile; fileRef = DA2B0FD524C8E64D00209638 /* DispatchQueue+background.swift */; };
		DA2D2A522498055C00E9D811 /* Trackable.swift in Sources */ = {isa = PBXBuildFile; fileRef = DA2D2A512498055C00E9D811 /* Trackable.swift */; };
		DA2D2A54249805A100E9D811 /* Child+TrackableItems.swift in Sources */ = {isa = PBXBuildFile; fileRef = DA2D2A53249805A100E9D811 /* Child+TrackableItems.swift */; };
		DA43F41624BA5547002FE487 /* EditFeedTimeView.swift in Sources */ = {isa = PBXBuildFile; fileRef = DA43F41524BA5547002FE487 /* EditFeedTimeView.swift */; };
		DA49B45024DB622E001C282A /* WeaningDataView.swift in Sources */ = {isa = PBXBuildFile; fileRef = DA49B44F24DB622E001C282A /* WeaningDataView.swift */; };
		DA49B45224DB624F001C282A /* NaptimesDataView.swift in Sources */ = {isa = PBXBuildFile; fileRef = DA49B45124DB624F001C282A /* NaptimesDataView.swift */; };
		DA4DEA2A24D4B0B600ADC1EA /* Int32+timers.swift in Sources */ = {isa = PBXBuildFile; fileRef = DA4DEA2924D4B0B600ADC1EA /* Int32+timers.swift */; };
		DA4DEA2C24D4C4CF00ADC1EA /* ChildrenFormList.swift in Sources */ = {isa = PBXBuildFile; fileRef = DA4DEA2B24D4C4CF00ADC1EA /* ChildrenFormList.swift */; };
		DA4DEA2E24D4CF0E00ADC1EA /* FoodDiaryFormSheet.swift in Sources */ = {isa = PBXBuildFile; fileRef = DA4DEA2D24D4CF0E00ADC1EA /* FoodDiaryFormSheet.swift */; };
		DA4DEA3024D4CF1700ADC1EA /* EmotionDiaryFormSheet.swift in Sources */ = {isa = PBXBuildFile; fileRef = DA4DEA2F24D4CF1700ADC1EA /* EmotionDiaryFormSheet.swift */; };
		DA4DEA3224D4E30700ADC1EA /* Emotion.swift in Sources */ = {isa = PBXBuildFile; fileRef = DA4DEA3124D4E30700ADC1EA /* Emotion.swift */; };
		DA51154324A28AC400442543 /* DashboardDataRowView.swift in Sources */ = {isa = PBXBuildFile; fileRef = DA51154224A28AC400442543 /* DashboardDataRowView.swift */; };
		DA51154524A2A8FD00442543 /* DashboardDataView.swift in Sources */ = {isa = PBXBuildFile; fileRef = DA51154424A2A8FD00442543 /* DashboardDataView.swift */; };
		DA5DB19024A5352C00DE2E01 /* Pacifico-Regular.ttf in Resources */ = {isa = PBXBuildFile; fileRef = DA5DB18F24A5352C00DE2E01 /* Pacifico-Regular.ttf */; };
		DA60221325345911009361BF /* LaunchScreen.storyboard in Resources */ = {isa = PBXBuildFile; fileRef = DA60221225345911009361BF /* LaunchScreen.storyboard */; };
		DA635B1B2482698D009BA4FF /* Child.swift in Sources */ = {isa = PBXBuildFile; fileRef = DA635B1A2482698D009BA4FF /* Child.swift */; };
		DA707B5F24AE7622006D21D2 /* ChildEditView.swift in Sources */ = {isa = PBXBuildFile; fileRef = DA707B5E24AE7622006D21D2 /* ChildEditView.swift */; };
		DA7F8A7424CB05E800840AF1 /* UIDevice+screen.swift in Sources */ = {isa = PBXBuildFile; fileRef = DA7F8A7324CB05E800840AF1 /* UIDevice+screen.swift */; };
		DA8283CD24C4FD8800E82E45 /* EditFeedSessionView.swift in Sources */ = {isa = PBXBuildFile; fileRef = DA8283CC24C4FD8800E82E45 /* EditFeedSessionView.swift */; };
		DA82C18F24899B930009772F /* Date.swift in Sources */ = {isa = PBXBuildFile; fileRef = DA82C18E24899B930009772F /* Date.swift */; };
		DA8307B124A7417500454F14 /* FeedSession+CoreDataProperties.swift in Sources */ = {isa = PBXBuildFile; fileRef = DA8307A724A7417500454F14 /* FeedSession+CoreDataProperties.swift */; };
		DA8307B324A7417500454F14 /* Feed+CoreDataClass.swift in Sources */ = {isa = PBXBuildFile; fileRef = DA8307A924A7417500454F14 /* Feed+CoreDataClass.swift */; };
		DA8307B424A7417500454F14 /* NappyChange+CoreDataClass.swift in Sources */ = {isa = PBXBuildFile; fileRef = DA8307AA24A7417500454F14 /* NappyChange+CoreDataClass.swift */; };
		DA8307B524A7417500454F14 /* NappyChange+CoreDataProperties.swift in Sources */ = {isa = PBXBuildFile; fileRef = DA8307AB24A7417500454F14 /* NappyChange+CoreDataProperties.swift */; };
		DA8307B624A7417500454F14 /* FeedSession+CoreDataClass.swift in Sources */ = {isa = PBXBuildFile; fileRef = DA8307AC24A7417500454F14 /* FeedSession+CoreDataClass.swift */; };
		DA8307B824A7417500454F14 /* Feed+CoreDataProperties.swift in Sources */ = {isa = PBXBuildFile; fileRef = DA8307AE24A7417500454F14 /* Feed+CoreDataProperties.swift */; };
		DA842085252B12A500ED5105 /* ParentInsightGenerator.swift in Sources */ = {isa = PBXBuildFile; fileRef = DA842084252B12A500ED5105 /* ParentInsightGenerator.swift */; };
		DA84208B252B519800ED5105 /* Localizable.strings in Resources */ = {isa = PBXBuildFile; fileRef = DA84208D252B519800ED5105 /* Localizable.strings */; };
		DA88ECAE250119D400DF01E2 /* DashboardToolView.swift in Sources */ = {isa = PBXBuildFile; fileRef = DA88ECAD250119D400DF01E2 /* DashboardToolView.swift */; };
		DA8C169D25004F6900FA559F /* NappyChangeDailyChartView.swift in Sources */ = {isa = PBXBuildFile; fileRef = DA8C169C25004F6900FA559F /* NappyChangeDailyChartView.swift */; };
		DA92439824DE0AAE00339810 /* DatapointsIndexListView.swift in Sources */ = {isa = PBXBuildFile; fileRef = DA92439724DE0AAE00339810 /* DatapointsIndexListView.swift */; };
		DAA0490424B53449007D290D /* ActiveFeedsTray.swift in Sources */ = {isa = PBXBuildFile; fileRef = DAA0490324B53449007D290D /* ActiveFeedsTray.swift */; };
		DAA5BBA824FEE27100ED234D /* FeedSessionChildChartsView.swift in Sources */ = {isa = PBXBuildFile; fileRef = DAA5BBA524FEE1FE00ED234D /* FeedSessionChildChartsView.swift */; };
		DAA5BBA924FEE27100ED234D /* ChartStatsTodayView.swift in Sources */ = {isa = PBXBuildFile; fileRef = DAA5BBA624FEE1FE00ED234D /* ChartStatsTodayView.swift */; };
		DAA5BBAA24FEE27100ED234D /* ChartStatsWeeklyView.swift in Sources */ = {isa = PBXBuildFile; fileRef = DAA5BBA424FEE1FE00ED234D /* ChartStatsWeeklyView.swift */; };
		DAA5BBAB24FEE27100ED234D /* ChartStatsMonthlyView.swift in Sources */ = {isa = PBXBuildFile; fileRef = DAA5BBA724FEE1FE00ED234D /* ChartStatsMonthlyView.swift */; };
		DAA5BBAD24FEE43000ED234D /* BottleFeedChildChartsView.swift in Sources */ = {isa = PBXBuildFile; fileRef = DAA5BBAC24FEE43000ED234D /* BottleFeedChildChartsView.swift */; };
		DAA5BBAF24FEE49300ED234D /* NapTimeChildChartsView.swift in Sources */ = {isa = PBXBuildFile; fileRef = DAA5BBAE24FEE49300ED234D /* NapTimeChildChartsView.swift */; };
		DAA5BBB124FEE5DE00ED234D /* NappyChangeChildChartsView.swift in Sources */ = {isa = PBXBuildFile; fileRef = DAA5BBB024FEE5DE00ED234D /* NappyChangeChildChartsView.swift */; };
		DAAA33F424AFCD9B0015E03F /* ParentProfile.swift in Sources */ = {isa = PBXBuildFile; fileRef = DAAA33F324AFCD9B0015E03F /* ParentProfile.swift */; };
		DAAE21082504C5DB00D296D7 /* BottleFeedWeeklyChartView.swift in Sources */ = {isa = PBXBuildFile; fileRef = DAAE21072504C5DB00D296D7 /* BottleFeedWeeklyChartView.swift */; };
		DAAE210B2504D76400D296D7 /* CountStatesChartDateRange.swift in Sources */ = {isa = PBXBuildFile; fileRef = DAAE210A2504D76400D296D7 /* CountStatesChartDateRange.swift */; };
		DAAF7B3424D2107F0019C4C4 /* Emotion+CoreDataClass.swift in Sources */ = {isa = PBXBuildFile; fileRef = DAAF7B3224D2107F0019C4C4 /* Emotion+CoreDataClass.swift */; };
		DAAF7B3524D2107F0019C4C4 /* Emotion+CoreDataProperties.swift in Sources */ = {isa = PBXBuildFile; fileRef = DAAF7B3324D2107F0019C4C4 /* Emotion+CoreDataProperties.swift */; };
		DAAF7B3724D210900019C4C4 /* FoodDiaryEntry.swift in Sources */ = {isa = PBXBuildFile; fileRef = DAAF7B3624D210900019C4C4 /* FoodDiaryEntry.swift */; };
		DAAF7B3A24D210C70019C4C4 /* FoodDiaryEntry+CoreDataClass.swift in Sources */ = {isa = PBXBuildFile; fileRef = DAAF7B3824D210C70019C4C4 /* FoodDiaryEntry+CoreDataClass.swift */; };
		DAAF7B3B24D210C70019C4C4 /* FoodDiaryEntry+CoreDataProperties.swift in Sources */ = {isa = PBXBuildFile; fileRef = DAAF7B3924D210C70019C4C4 /* FoodDiaryEntry+CoreDataProperties.swift */; };
		DAB1739C247D458600D94537 /* FeedSession.swift in Sources */ = {isa = PBXBuildFile; fileRef = DAB1739B247D458600D94537 /* FeedSession.swift */; };
		DAB1739F247D45B600D94537 /* Timeable.swift in Sources */ = {isa = PBXBuildFile; fileRef = DAB1739E247D45B600D94537 /* Timeable.swift */; };
		DAB173A1247D513D00D94537 /* Feed.swift in Sources */ = {isa = PBXBuildFile; fileRef = DAB173A0247D513D00D94537 /* Feed.swift */; };
		DAB3EF15248AEFBD00667F19 /* String+helpers.swift in Sources */ = {isa = PBXBuildFile; fileRef = DAB3EF14248AEFBD00667F19 /* String+helpers.swift */; };
		DAB56B8F247A733300C80E1E /* ProfileObserver.swift in Sources */ = {isa = PBXBuildFile; fileRef = DAB56B8E247A733300C80E1E /* ProfileObserver.swift */; };
		DAB56B94247AD4B500C80E1E /* ImagePicker.swift in Sources */ = {isa = PBXBuildFile; fileRef = DAB56B93247AD4B500C80E1E /* ImagePicker.swift */; };
		DABE2EBA24F9D00700EA6E5D /* TrackableChartData.swift in Sources */ = {isa = PBXBuildFile; fileRef = DABE2EB924F9D00700EA6E5D /* TrackableChartData.swift */; };
		DABE2EC424F9D54A00EA6E5D /* chartHelpers.swift in Sources */ = {isa = PBXBuildFile; fileRef = DABE2EC324F9D54A00EA6E5D /* chartHelpers.swift */; };
		DAC0236B2500DFFC00AC02D4 /* NappyChangeWeeklyChartView.swift in Sources */ = {isa = PBXBuildFile; fileRef = DAC0236A2500DFFC00AC02D4 /* NappyChangeWeeklyChartView.swift */; };
		DAC52E5324FC76DE00CF613D /* ChildDataTypeListView.swift in Sources */ = {isa = PBXBuildFile; fileRef = DAC52E5224FC76DE00CF613D /* ChildDataTypeListView.swift */; };
		DAD3554024E09AC4006B96B5 /* EditExpressedMilkView.swift in Sources */ = {isa = PBXBuildFile; fileRef = DAD3553F24E09AC4006B96B5 /* EditExpressedMilkView.swift */; };
		DAD4A0412529339100E84EB0 /* Settings.bundle in Resources */ = {isa = PBXBuildFile; fileRef = DAD4A0402529339100E84EB0 /* Settings.bundle */; };
		DAD5CC5F24EA87F600E0EE77 /* BarView.swift in Sources */ = {isa = PBXBuildFile; fileRef = DAD5CC5E24EA87F600E0EE77 /* BarView.swift */; };
		DAD7E7C724DDF18400BF5283 /* ParentTrackerFormSheet.swift in Sources */ = {isa = PBXBuildFile; fileRef = DAD7E7C624DDF18400BF5283 /* ParentTrackerFormSheet.swift */; };
		DADBBD5724DF4B3E0082F820 /* ParentDashboardDataListView.swift in Sources */ = {isa = PBXBuildFile; fileRef = DADBBD5624DF4B3E0082F820 /* ParentDashboardDataListView.swift */; };
		DADBBD5924DF4EED0082F820 /* ParentEmotionListView.swift in Sources */ = {isa = PBXBuildFile; fileRef = DADBBD5824DF4EED0082F820 /* ParentEmotionListView.swift */; };
		DADBBD5B24DF4EF60082F820 /* ParentFoodDiaryListView.swift in Sources */ = {isa = PBXBuildFile; fileRef = DADBBD5A24DF4EF60082F820 /* ParentFoodDiaryListView.swift */; };
		DADBE69B24B1CFEF00B1E3B1 /* dateHelpers.swift in Sources */ = {isa = PBXBuildFile; fileRef = DADBE69A24B1CFEF00B1E3B1 /* dateHelpers.swift */; };
		DADD78F82478609600791F61 /* AppDelegate.swift in Sources */ = {isa = PBXBuildFile; fileRef = DADD78F72478609600791F61 /* AppDelegate.swift */; };
		DADD78FA2478609600791F61 /* SceneDelegate.swift in Sources */ = {isa = PBXBuildFile; fileRef = DADD78F92478609600791F61 /* SceneDelegate.swift */; };
		DADD78FD2478609600791F61 /* bibs.xcdatamodeld in Sources */ = {isa = PBXBuildFile; fileRef = DADD78FB2478609600791F61 /* bibs.xcdatamodeld */; };
		DADD78FF2478609600791F61 /* ContentView.swift in Sources */ = {isa = PBXBuildFile; fileRef = DADD78FE2478609600791F61 /* ContentView.swift */; };
		DADD79012478609700791F61 /* Assets.xcassets in Resources */ = {isa = PBXBuildFile; fileRef = DADD79002478609700791F61 /* Assets.xcassets */; };
		DADD79042478609700791F61 /* Preview Assets.xcassets in Resources */ = {isa = PBXBuildFile; fileRef = DADD79032478609700791F61 /* Preview Assets.xcassets */; };
		DADD79122478609700791F61 /* bibsTests.swift in Sources */ = {isa = PBXBuildFile; fileRef = DADD79112478609700791F61 /* bibsTests.swift */; };
		DADD791D2478609700791F61 /* bibsUITests.swift in Sources */ = {isa = PBXBuildFile; fileRef = DADD791C2478609700791F61 /* bibsUITests.swift */; };
		DAE1A7CC24B9200C00FFA96E /* ExpressedMilkDataView.swift in Sources */ = {isa = PBXBuildFile; fileRef = DAE1A7CB24B9200C00FFA96E /* ExpressedMilkDataView.swift */; };
		DAE1A7CE24B92E5800FFA96E /* NappyChangeDataView.swift in Sources */ = {isa = PBXBuildFile; fileRef = DAE1A7CD24B92E5800FFA96E /* NappyChangeDataView.swift */; };
		DAE1A7D024B92E7B00FFA96E /* FeedTimersDataView.swift in Sources */ = {isa = PBXBuildFile; fileRef = DAE1A7CF24B92E7B00FFA96E /* FeedTimersDataView.swift */; };
		DAE1A7D224B92FFB00FFA96E /* BottleFeedsDataView.swift in Sources */ = {isa = PBXBuildFile; fileRef = DAE1A7D124B92FFB00FFA96E /* BottleFeedsDataView.swift */; };
		DAE245B524A5DE3D00018C3F /* AboutYouView.swift in Sources */ = {isa = PBXBuildFile; fileRef = DAE245B424A5DE3D00018C3F /* AboutYouView.swift */; };
		DAEBBF4924CB7C6C0065B232 /* DashboardHeaderView.swift in Sources */ = {isa = PBXBuildFile; fileRef = DAEBBF4824CB7C6C0065B232 /* DashboardHeaderView.swift */; };
		DAEBBF4B24CB7C790065B232 /* DashboardHeaderOverviewView.swift in Sources */ = {isa = PBXBuildFile; fileRef = DAEBBF4A24CB7C790065B232 /* DashboardHeaderOverviewView.swift */; };
		DAEBBF4D24CB7C900065B232 /* DashboardFeedTimerView.swift in Sources */ = {isa = PBXBuildFile; fileRef = DAEBBF4C24CB7C900065B232 /* DashboardFeedTimerView.swift */; };
		DAEBBF4F24CB7CA30065B232 /* DashboardToolsListView.swift in Sources */ = {isa = PBXBuildFile; fileRef = DAEBBF4E24CB7CA30065B232 /* DashboardToolsListView.swift */; };
		DAEE23D124C979D100E368DC /* DashboardView.swift in Sources */ = {isa = PBXBuildFile; fileRef = DAEE23D024C979D100E368DC /* DashboardView.swift */; };
		DAEE23D424C9813600E368DC /* Nap+CoreDataClass.swift in Sources */ = {isa = PBXBuildFile; fileRef = DAEE23D224C9813600E368DC /* Nap+CoreDataClass.swift */; };
		DAEE23D524C9813600E368DC /* Nap+CoreDataProperties.swift in Sources */ = {isa = PBXBuildFile; fileRef = DAEE23D324C9813600E368DC /* Nap+CoreDataProperties.swift */; };
		DAEE23D724C981AA00E368DC /* Nap.swift in Sources */ = {isa = PBXBuildFile; fileRef = DAEE23D624C981AA00E368DC /* Nap.swift */; };
		DAEF517224B640A3006CD447 /* Colors.xcassets in Resources */ = {isa = PBXBuildFile; fileRef = DAEF517124B640A3006CD447 /* Colors.xcassets */; };
		DAF1FA2824A40DE10051CA6B /* NappyChange.swift in Sources */ = {isa = PBXBuildFile; fileRef = DAF1FA2724A40DE10051CA6B /* NappyChange.swift */; };
		DAF7517624B7C92C00C83F33 /* ParentProfile+CoreDataClass.swift in Sources */ = {isa = PBXBuildFile; fileRef = DAF7517424B7C92C00C83F33 /* ParentProfile+CoreDataClass.swift */; };
		DAF7517724B7C92C00C83F33 /* ParentProfile+CoreDataProperties.swift in Sources */ = {isa = PBXBuildFile; fileRef = DAF7517524B7C92C00C83F33 /* ParentProfile+CoreDataProperties.swift */; };
		DAF7517E24B7D2AA00C83F33 /* ExpressedBottle+CoreDataClass.swift in Sources */ = {isa = PBXBuildFile; fileRef = DAF7517824B7D2AA00C83F33 /* ExpressedBottle+CoreDataClass.swift */; };
		DAF7517F24B7D2AA00C83F33 /* ExpressedBottle+CoreDataProperties.swift in Sources */ = {isa = PBXBuildFile; fileRef = DAF7517924B7D2AA00C83F33 /* ExpressedBottle+CoreDataProperties.swift */; };
		DAF7518024B7D2AA00C83F33 /* BottleFeed+CoreDataClass.swift in Sources */ = {isa = PBXBuildFile; fileRef = DAF7517A24B7D2AA00C83F33 /* BottleFeed+CoreDataClass.swift */; };
		DAF7518124B7D2AA00C83F33 /* BottleFeed+CoreDataProperties.swift in Sources */ = {isa = PBXBuildFile; fileRef = DAF7517B24B7D2AA00C83F33 /* BottleFeed+CoreDataProperties.swift */; };
		DAF7518224B7D2AA00C83F33 /* Child+CoreDataClass.swift in Sources */ = {isa = PBXBuildFile; fileRef = DAF7517C24B7D2AA00C83F33 /* Child+CoreDataClass.swift */; };
		DAF7518324B7D2AA00C83F33 /* Child+CoreDataProperties.swift in Sources */ = {isa = PBXBuildFile; fileRef = DAF7517D24B7D2AA00C83F33 /* Child+CoreDataProperties.swift */; };
		DAF7518924B7D6BC00C83F33 /* ExpressedBottle.swift in Sources */ = {isa = PBXBuildFile; fileRef = DAF7518824B7D6BC00C83F33 /* ExpressedBottle.swift */; };
		DAF7518B24B7D78A00C83F33 /* BottleFeed.swift in Sources */ = {isa = PBXBuildFile; fileRef = DAF7518A24B7D78A00C83F33 /* BottleFeed.swift */; };
		DAFE32362479D7470009B737 /* WelcomeView.swift in Sources */ = {isa = PBXBuildFile; fileRef = DAFE32352479D7470009B737 /* WelcomeView.swift */; };
		DAFE32382479D7680009B737 /* AddChildView.swift in Sources */ = {isa = PBXBuildFile; fileRef = DAFE32372479D7680009B737 /* AddChildView.swift */; };
		DAFE323D2479D8890009B737 /* ViewSettings.swift in Sources */ = {isa = PBXBuildFile; fileRef = DAFE323C2479D8890009B737 /* ViewSettings.swift */; };
/* End PBXBuildFile section */

/* Begin PBXContainerItemProxy section */
		DADD790E2478609700791F61 /* PBXContainerItemProxy */ = {
			isa = PBXContainerItemProxy;
			containerPortal = DADD78EC2478609600791F61 /* Project object */;
			proxyType = 1;
			remoteGlobalIDString = DADD78F32478609600791F61;
			remoteInfo = bibs;
		};
		DADD79192478609700791F61 /* PBXContainerItemProxy */ = {
			isa = PBXContainerItemProxy;
			containerPortal = DADD78EC2478609600791F61 /* Project object */;
			proxyType = 1;
			remoteGlobalIDString = DADD78F32478609600791F61;
			remoteInfo = bibs;
		};
/* End PBXContainerItemProxy section */

/* Begin PBXFileReference section */
		DA053CD924F5CD2B00A1D825 /* en */ = {isa = PBXFileReference; lastKnownFileType = text.plist.stringsdict; name = en; path = en.lproj/Localizable.stringsdict; sourceTree = "<group>"; };
		DA08833E24CCF550003B7020 /* Snack+CoreDataClass.swift */ = {isa = PBXFileReference; lastKnownFileType = sourcecode.swift; path = "Snack+CoreDataClass.swift"; sourceTree = "<group>"; };
		DA08833F24CCF550003B7020 /* Snack+CoreDataProperties.swift */ = {isa = PBXFileReference; lastKnownFileType = sourcecode.swift; path = "Snack+CoreDataProperties.swift"; sourceTree = "<group>"; };
		DA08834724CE15A0003B7020 /* NappyChangeFormSheet.swift */ = {isa = PBXFileReference; lastKnownFileType = sourcecode.swift; path = NappyChangeFormSheet.swift; sourceTree = "<group>"; };
		DA08834924CE423E003B7020 /* BottleFeedsFormSheet.swift */ = {isa = PBXFileReference; lastKnownFileType = sourcecode.swift; path = BottleFeedsFormSheet.swift; sourceTree = "<group>"; };
		DA08834B24CE45EA003B7020 /* ExpressedMilkFormSheet.swift */ = {isa = PBXFileReference; lastKnownFileType = sourcecode.swift; path = ExpressedMilkFormSheet.swift; sourceTree = "<group>"; };
		DA08834D24CE4917003B7020 /* SnackFormSheet.swift */ = {isa = PBXFileReference; lastKnownFileType = sourcecode.swift; path = SnackFormSheet.swift; sourceTree = "<group>"; };
		DA08834F24CE4AEA003B7020 /* ManualFeedTimerEntryFormSheet.swift */ = {isa = PBXFileReference; lastKnownFileType = sourcecode.swift; path = ManualFeedTimerEntryFormSheet.swift; sourceTree = "<group>"; };
		DA08835124CE50C8003B7020 /* NaptimeFormSheet.swift */ = {isa = PBXFileReference; lastKnownFileType = sourcecode.swift; path = NaptimeFormSheet.swift; sourceTree = "<group>"; };
		DA08835324CEC4E9003B7020 /* Snack+snackList.swift */ = {isa = PBXFileReference; lastKnownFileType = sourcecode.swift; path = "Snack+snackList.swift"; sourceTree = "<group>"; };
		DA0F7F9A24DABED200955B6B /* UImage+resizable.swift */ = {isa = PBXFileReference; lastKnownFileType = sourcecode.swift; path = "UImage+resizable.swift"; sourceTree = "<group>"; };
		DA0F7F9C24DAC65100955B6B /* AvatarImageView.swift */ = {isa = PBXFileReference; lastKnownFileType = sourcecode.swift; path = AvatarImageView.swift; sourceTree = "<group>"; };
		DA15EA4325018DC500F5DB57 /* DevelopmentDataActionsView.swift */ = {isa = PBXFileReference; lastKnownFileType = sourcecode.swift; path = DevelopmentDataActionsView.swift; sourceTree = "<group>"; };
		DA18ECE324D6026200211144 /* ChildrenDashboardListView.swift */ = {isa = PBXFileReference; lastKnownFileType = sourcecode.swift; path = ChildrenDashboardListView.swift; sourceTree = "<group>"; };
		DA224EB124DFF085006FCFC3 /* EditBottleFeedView.swift */ = {isa = PBXFileReference; lastKnownFileType = sourcecode.swift; path = EditBottleFeedView.swift; sourceTree = "<group>"; };
		DA224EB324DFF6BD006FCFC3 /* EditNapView.swift */ = {isa = PBXFileReference; lastKnownFileType = sourcecode.swift; path = EditNapView.swift; sourceTree = "<group>"; };
		DA224EB524DFF946006FCFC3 /* EditNappyChangeView.swift */ = {isa = PBXFileReference; lastKnownFileType = sourcecode.swift; path = EditNappyChangeView.swift; sourceTree = "<group>"; };
		DA224EB724E000BA006FCFC3 /* EditSnackView.swift */ = {isa = PBXFileReference; lastKnownFileType = sourcecode.swift; path = EditSnackView.swift; sourceTree = "<group>"; };
		DA2B0FD524C8E64D00209638 /* DispatchQueue+background.swift */ = {isa = PBXFileReference; lastKnownFileType = sourcecode.swift; path = "DispatchQueue+background.swift"; sourceTree = "<group>"; };
		DA2D2A512498055C00E9D811 /* Trackable.swift */ = {isa = PBXFileReference; lastKnownFileType = sourcecode.swift; path = Trackable.swift; sourceTree = "<group>"; };
		DA2D2A53249805A100E9D811 /* Child+TrackableItems.swift */ = {isa = PBXFileReference; lastKnownFileType = sourcecode.swift; path = "Child+TrackableItems.swift"; sourceTree = "<group>"; };
		DA43F41524BA5547002FE487 /* EditFeedTimeView.swift */ = {isa = PBXFileReference; lastKnownFileType = sourcecode.swift; path = EditFeedTimeView.swift; sourceTree = "<group>"; };
		DA49B44F24DB622E001C282A /* WeaningDataView.swift */ = {isa = PBXFileReference; lastKnownFileType = sourcecode.swift; path = WeaningDataView.swift; sourceTree = "<group>"; };
		DA49B45124DB624F001C282A /* NaptimesDataView.swift */ = {isa = PBXFileReference; lastKnownFileType = sourcecode.swift; path = NaptimesDataView.swift; sourceTree = "<group>"; };
		DA4DEA2924D4B0B600ADC1EA /* Int32+timers.swift */ = {isa = PBXFileReference; lastKnownFileType = sourcecode.swift; path = "Int32+timers.swift"; sourceTree = "<group>"; };
		DA4DEA2B24D4C4CF00ADC1EA /* ChildrenFormList.swift */ = {isa = PBXFileReference; lastKnownFileType = sourcecode.swift; path = ChildrenFormList.swift; sourceTree = "<group>"; };
		DA4DEA2D24D4CF0E00ADC1EA /* FoodDiaryFormSheet.swift */ = {isa = PBXFileReference; lastKnownFileType = sourcecode.swift; path = FoodDiaryFormSheet.swift; sourceTree = "<group>"; };
		DA4DEA2F24D4CF1700ADC1EA /* EmotionDiaryFormSheet.swift */ = {isa = PBXFileReference; lastKnownFileType = sourcecode.swift; path = EmotionDiaryFormSheet.swift; sourceTree = "<group>"; };
		DA4DEA3124D4E30700ADC1EA /* Emotion.swift */ = {isa = PBXFileReference; lastKnownFileType = sourcecode.swift; path = Emotion.swift; sourceTree = "<group>"; };
		DA51154224A28AC400442543 /* DashboardDataRowView.swift */ = {isa = PBXFileReference; lastKnownFileType = sourcecode.swift; path = DashboardDataRowView.swift; sourceTree = "<group>"; };
		DA51154424A2A8FD00442543 /* DashboardDataView.swift */ = {isa = PBXFileReference; lastKnownFileType = sourcecode.swift; path = DashboardDataView.swift; sourceTree = "<group>"; };
		DA5DB18F24A5352C00DE2E01 /* Pacifico-Regular.ttf */ = {isa = PBXFileReference; lastKnownFileType = file; path = "Pacifico-Regular.ttf"; sourceTree = "<group>"; };
		DA60221225345911009361BF /* LaunchScreen.storyboard */ = {isa = PBXFileReference; lastKnownFileType = file.storyboard; path = LaunchScreen.storyboard; sourceTree = "<group>"; };
		DA635B1A2482698D009BA4FF /* Child.swift */ = {isa = PBXFileReference; lastKnownFileType = sourcecode.swift; path = Child.swift; sourceTree = "<group>"; };
		DA707B5E24AE7622006D21D2 /* ChildEditView.swift */ = {isa = PBXFileReference; lastKnownFileType = sourcecode.swift; path = ChildEditView.swift; sourceTree = "<group>"; };
		DA7F8A7324CB05E800840AF1 /* UIDevice+screen.swift */ = {isa = PBXFileReference; lastKnownFileType = sourcecode.swift; path = "UIDevice+screen.swift"; sourceTree = "<group>"; };
		DA8283CC24C4FD8800E82E45 /* EditFeedSessionView.swift */ = {isa = PBXFileReference; lastKnownFileType = sourcecode.swift; path = EditFeedSessionView.swift; sourceTree = "<group>"; };
		DA82C18E24899B930009772F /* Date.swift */ = {isa = PBXFileReference; lastKnownFileType = sourcecode.swift; path = Date.swift; sourceTree = "<group>"; };
		DA8307A724A7417500454F14 /* FeedSession+CoreDataProperties.swift */ = {isa = PBXFileReference; fileEncoding = 4; lastKnownFileType = sourcecode.swift; path = "FeedSession+CoreDataProperties.swift"; sourceTree = "<group>"; };
		DA8307A924A7417500454F14 /* Feed+CoreDataClass.swift */ = {isa = PBXFileReference; fileEncoding = 4; lastKnownFileType = sourcecode.swift; path = "Feed+CoreDataClass.swift"; sourceTree = "<group>"; };
		DA8307AA24A7417500454F14 /* NappyChange+CoreDataClass.swift */ = {isa = PBXFileReference; fileEncoding = 4; lastKnownFileType = sourcecode.swift; path = "NappyChange+CoreDataClass.swift"; sourceTree = "<group>"; };
		DA8307AB24A7417500454F14 /* NappyChange+CoreDataProperties.swift */ = {isa = PBXFileReference; fileEncoding = 4; lastKnownFileType = sourcecode.swift; path = "NappyChange+CoreDataProperties.swift"; sourceTree = "<group>"; };
		DA8307AC24A7417500454F14 /* FeedSession+CoreDataClass.swift */ = {isa = PBXFileReference; fileEncoding = 4; lastKnownFileType = sourcecode.swift; path = "FeedSession+CoreDataClass.swift"; sourceTree = "<group>"; };
		DA8307AE24A7417500454F14 /* Feed+CoreDataProperties.swift */ = {isa = PBXFileReference; fileEncoding = 4; lastKnownFileType = sourcecode.swift; path = "Feed+CoreDataProperties.swift"; sourceTree = "<group>"; };
		DA842084252B12A500ED5105 /* ParentInsightGenerator.swift */ = {isa = PBXFileReference; lastKnownFileType = sourcecode.swift; path = ParentInsightGenerator.swift; sourceTree = "<group>"; };
		DA842091252B51C100ED5105 /* en */ = {isa = PBXFileReference; lastKnownFileType = text.plist.strings; name = en; path = en.lproj/Localizable.strings; sourceTree = "<group>"; };
		DA8420B3252B83E900ED5105 /* en-GB */ = {isa = PBXFileReference; lastKnownFileType = text.plist.strings; name = "en-GB"; path = "en-GB.lproj/Localizable.strings"; sourceTree = "<group>"; };
		DA8420B4252B83E900ED5105 /* en-GB */ = {isa = PBXFileReference; lastKnownFileType = text.plist.stringsdict; name = "en-GB"; path = "en-GB.lproj/Localizable.stringsdict"; sourceTree = "<group>"; };
		DA88ECAD250119D400DF01E2 /* DashboardToolView.swift */ = {isa = PBXFileReference; lastKnownFileType = sourcecode.swift; path = DashboardToolView.swift; sourceTree = "<group>"; };
		DA8C169C25004F6900FA559F /* NappyChangeDailyChartView.swift */ = {isa = PBXFileReference; lastKnownFileType = sourcecode.swift; path = NappyChangeDailyChartView.swift; sourceTree = "<group>"; };
		DA92439724DE0AAE00339810 /* DatapointsIndexListView.swift */ = {isa = PBXFileReference; lastKnownFileType = sourcecode.swift; path = DatapointsIndexListView.swift; sourceTree = "<group>"; };
		DAA0490324B53449007D290D /* ActiveFeedsTray.swift */ = {isa = PBXFileReference; lastKnownFileType = sourcecode.swift; path = ActiveFeedsTray.swift; sourceTree = "<group>"; };
		DAA5BBA424FEE1FE00ED234D /* ChartStatsWeeklyView.swift */ = {isa = PBXFileReference; lastKnownFileType = sourcecode.swift; path = ChartStatsWeeklyView.swift; sourceTree = "<group>"; };
		DAA5BBA524FEE1FE00ED234D /* FeedSessionChildChartsView.swift */ = {isa = PBXFileReference; lastKnownFileType = sourcecode.swift; path = FeedSessionChildChartsView.swift; sourceTree = "<group>"; };
		DAA5BBA624FEE1FE00ED234D /* ChartStatsTodayView.swift */ = {isa = PBXFileReference; lastKnownFileType = sourcecode.swift; path = ChartStatsTodayView.swift; sourceTree = "<group>"; };
		DAA5BBA724FEE1FE00ED234D /* ChartStatsMonthlyView.swift */ = {isa = PBXFileReference; lastKnownFileType = sourcecode.swift; path = ChartStatsMonthlyView.swift; sourceTree = "<group>"; };
		DAA5BBAC24FEE43000ED234D /* BottleFeedChildChartsView.swift */ = {isa = PBXFileReference; lastKnownFileType = sourcecode.swift; path = BottleFeedChildChartsView.swift; sourceTree = "<group>"; };
		DAA5BBAE24FEE49300ED234D /* NapTimeChildChartsView.swift */ = {isa = PBXFileReference; lastKnownFileType = sourcecode.swift; path = NapTimeChildChartsView.swift; sourceTree = "<group>"; };
		DAA5BBB024FEE5DE00ED234D /* NappyChangeChildChartsView.swift */ = {isa = PBXFileReference; lastKnownFileType = sourcecode.swift; path = NappyChangeChildChartsView.swift; sourceTree = "<group>"; };
		DAAA33F324AFCD9B0015E03F /* ParentProfile.swift */ = {isa = PBXFileReference; lastKnownFileType = sourcecode.swift; path = ParentProfile.swift; sourceTree = "<group>"; };
		DAAE21072504C5DB00D296D7 /* BottleFeedWeeklyChartView.swift */ = {isa = PBXFileReference; lastKnownFileType = sourcecode.swift; path = BottleFeedWeeklyChartView.swift; sourceTree = "<group>"; };
		DAAE210A2504D76400D296D7 /* CountStatesChartDateRange.swift */ = {isa = PBXFileReference; lastKnownFileType = sourcecode.swift; path = CountStatesChartDateRange.swift; sourceTree = "<group>"; };
		DAAF7B3224D2107F0019C4C4 /* Emotion+CoreDataClass.swift */ = {isa = PBXFileReference; lastKnownFileType = sourcecode.swift; path = "Emotion+CoreDataClass.swift"; sourceTree = "<group>"; };
		DAAF7B3324D2107F0019C4C4 /* Emotion+CoreDataProperties.swift */ = {isa = PBXFileReference; lastKnownFileType = sourcecode.swift; path = "Emotion+CoreDataProperties.swift"; sourceTree = "<group>"; };
		DAAF7B3624D210900019C4C4 /* FoodDiaryEntry.swift */ = {isa = PBXFileReference; lastKnownFileType = sourcecode.swift; path = FoodDiaryEntry.swift; sourceTree = "<group>"; };
		DAAF7B3824D210C70019C4C4 /* FoodDiaryEntry+CoreDataClass.swift */ = {isa = PBXFileReference; lastKnownFileType = sourcecode.swift; path = "FoodDiaryEntry+CoreDataClass.swift"; sourceTree = "<group>"; };
		DAAF7B3924D210C70019C4C4 /* FoodDiaryEntry+CoreDataProperties.swift */ = {isa = PBXFileReference; lastKnownFileType = sourcecode.swift; path = "FoodDiaryEntry+CoreDataProperties.swift"; sourceTree = "<group>"; };
		DAB1739B247D458600D94537 /* FeedSession.swift */ = {isa = PBXFileReference; lastKnownFileType = sourcecode.swift; path = FeedSession.swift; sourceTree = "<group>"; };
		DAB1739E247D45B600D94537 /* Timeable.swift */ = {isa = PBXFileReference; lastKnownFileType = sourcecode.swift; path = Timeable.swift; sourceTree = "<group>"; };
		DAB173A0247D513D00D94537 /* Feed.swift */ = {isa = PBXFileReference; lastKnownFileType = sourcecode.swift; path = Feed.swift; sourceTree = "<group>"; };
		DAB3EF14248AEFBD00667F19 /* String+helpers.swift */ = {isa = PBXFileReference; lastKnownFileType = sourcecode.swift; path = "String+helpers.swift"; sourceTree = "<group>"; };
		DAB56B8E247A733300C80E1E /* ProfileObserver.swift */ = {isa = PBXFileReference; lastKnownFileType = sourcecode.swift; path = ProfileObserver.swift; sourceTree = "<group>"; };
		DAB56B93247AD4B500C80E1E /* ImagePicker.swift */ = {isa = PBXFileReference; lastKnownFileType = sourcecode.swift; path = ImagePicker.swift; sourceTree = "<group>"; };
		DABE2EB924F9D00700EA6E5D /* TrackableChartData.swift */ = {isa = PBXFileReference; lastKnownFileType = sourcecode.swift; path = TrackableChartData.swift; sourceTree = "<group>"; };
		DABE2EC324F9D54A00EA6E5D /* chartHelpers.swift */ = {isa = PBXFileReference; lastKnownFileType = sourcecode.swift; path = chartHelpers.swift; sourceTree = "<group>"; };
		DAC0236A2500DFFC00AC02D4 /* NappyChangeWeeklyChartView.swift */ = {isa = PBXFileReference; lastKnownFileType = sourcecode.swift; path = NappyChangeWeeklyChartView.swift; sourceTree = "<group>"; };
		DAC52E5224FC76DE00CF613D /* ChildDataTypeListView.swift */ = {isa = PBXFileReference; lastKnownFileType = sourcecode.swift; path = ChildDataTypeListView.swift; sourceTree = "<group>"; };
		DAD3553F24E09AC4006B96B5 /* EditExpressedMilkView.swift */ = {isa = PBXFileReference; lastKnownFileType = sourcecode.swift; path = EditExpressedMilkView.swift; sourceTree = "<group>"; };
		DAD4A0402529339100E84EB0 /* Settings.bundle */ = {isa = PBXFileReference; lastKnownFileType = "wrapper.plug-in"; path = Settings.bundle; sourceTree = "<group>"; };
		DAD5CC5E24EA87F600E0EE77 /* BarView.swift */ = {isa = PBXFileReference; lastKnownFileType = sourcecode.swift; path = BarView.swift; sourceTree = "<group>"; };
		DAD7E7C624DDF18400BF5283 /* ParentTrackerFormSheet.swift */ = {isa = PBXFileReference; lastKnownFileType = sourcecode.swift; path = ParentTrackerFormSheet.swift; sourceTree = "<group>"; };
		DADBBD5624DF4B3E0082F820 /* ParentDashboardDataListView.swift */ = {isa = PBXFileReference; lastKnownFileType = sourcecode.swift; path = ParentDashboardDataListView.swift; sourceTree = "<group>"; };
		DADBBD5824DF4EED0082F820 /* ParentEmotionListView.swift */ = {isa = PBXFileReference; lastKnownFileType = sourcecode.swift; path = ParentEmotionListView.swift; sourceTree = "<group>"; };
		DADBBD5A24DF4EF60082F820 /* ParentFoodDiaryListView.swift */ = {isa = PBXFileReference; lastKnownFileType = sourcecode.swift; path = ParentFoodDiaryListView.swift; sourceTree = "<group>"; };
		DADBE69A24B1CFEF00B1E3B1 /* dateHelpers.swift */ = {isa = PBXFileReference; lastKnownFileType = sourcecode.swift; path = dateHelpers.swift; sourceTree = "<group>"; };
		DADD78F42478609600791F61 /* bibs.app */ = {isa = PBXFileReference; explicitFileType = wrapper.application; includeInIndex = 0; path = bibs.app; sourceTree = BUILT_PRODUCTS_DIR; };
		DADD78F72478609600791F61 /* AppDelegate.swift */ = {isa = PBXFileReference; lastKnownFileType = sourcecode.swift; path = AppDelegate.swift; sourceTree = "<group>"; };
		DADD78F92478609600791F61 /* SceneDelegate.swift */ = {isa = PBXFileReference; lastKnownFileType = sourcecode.swift; path = SceneDelegate.swift; sourceTree = "<group>"; };
		DADD78FC2478609600791F61 /* bibs.xcdatamodel */ = {isa = PBXFileReference; lastKnownFileType = wrapper.xcdatamodel; path = bibs.xcdatamodel; sourceTree = "<group>"; };
		DADD78FE2478609600791F61 /* ContentView.swift */ = {isa = PBXFileReference; lastKnownFileType = sourcecode.swift; path = ContentView.swift; sourceTree = "<group>"; };
		DADD79002478609700791F61 /* Assets.xcassets */ = {isa = PBXFileReference; lastKnownFileType = folder.assetcatalog; path = Assets.xcassets; sourceTree = "<group>"; };
		DADD79032478609700791F61 /* Preview Assets.xcassets */ = {isa = PBXFileReference; lastKnownFileType = folder.assetcatalog; path = "Preview Assets.xcassets"; sourceTree = "<group>"; };
		DADD79082478609700791F61 /* Info.plist */ = {isa = PBXFileReference; lastKnownFileType = text.plist.xml; path = Info.plist; sourceTree = "<group>"; };
		DADD790D2478609700791F61 /* bibsTests.xctest */ = {isa = PBXFileReference; explicitFileType = wrapper.cfbundle; includeInIndex = 0; path = bibsTests.xctest; sourceTree = BUILT_PRODUCTS_DIR; };
		DADD79112478609700791F61 /* bibsTests.swift */ = {isa = PBXFileReference; lastKnownFileType = sourcecode.swift; path = bibsTests.swift; sourceTree = "<group>"; };
		DADD79132478609700791F61 /* Info.plist */ = {isa = PBXFileReference; lastKnownFileType = text.plist.xml; path = Info.plist; sourceTree = "<group>"; };
		DADD79182478609700791F61 /* bibsUITests.xctest */ = {isa = PBXFileReference; explicitFileType = wrapper.cfbundle; includeInIndex = 0; path = bibsUITests.xctest; sourceTree = BUILT_PRODUCTS_DIR; };
		DADD791C2478609700791F61 /* bibsUITests.swift */ = {isa = PBXFileReference; lastKnownFileType = sourcecode.swift; path = bibsUITests.swift; sourceTree = "<group>"; };
		DADD791E2478609700791F61 /* Info.plist */ = {isa = PBXFileReference; lastKnownFileType = text.plist.xml; path = Info.plist; sourceTree = "<group>"; };
		DAE1A7CB24B9200C00FFA96E /* ExpressedMilkDataView.swift */ = {isa = PBXFileReference; lastKnownFileType = sourcecode.swift; path = ExpressedMilkDataView.swift; sourceTree = "<group>"; };
		DAE1A7CD24B92E5800FFA96E /* NappyChangeDataView.swift */ = {isa = PBXFileReference; lastKnownFileType = sourcecode.swift; path = NappyChangeDataView.swift; sourceTree = "<group>"; };
		DAE1A7CF24B92E7B00FFA96E /* FeedTimersDataView.swift */ = {isa = PBXFileReference; lastKnownFileType = sourcecode.swift; path = FeedTimersDataView.swift; sourceTree = "<group>"; };
		DAE1A7D124B92FFB00FFA96E /* BottleFeedsDataView.swift */ = {isa = PBXFileReference; lastKnownFileType = sourcecode.swift; path = BottleFeedsDataView.swift; sourceTree = "<group>"; };
		DAE245B424A5DE3D00018C3F /* AboutYouView.swift */ = {isa = PBXFileReference; lastKnownFileType = sourcecode.swift; path = AboutYouView.swift; sourceTree = "<group>"; };
		DAEBBF4824CB7C6C0065B232 /* DashboardHeaderView.swift */ = {isa = PBXFileReference; lastKnownFileType = sourcecode.swift; path = DashboardHeaderView.swift; sourceTree = "<group>"; };
		DAEBBF4A24CB7C790065B232 /* DashboardHeaderOverviewView.swift */ = {isa = PBXFileReference; lastKnownFileType = sourcecode.swift; path = DashboardHeaderOverviewView.swift; sourceTree = "<group>"; };
		DAEBBF4C24CB7C900065B232 /* DashboardFeedTimerView.swift */ = {isa = PBXFileReference; lastKnownFileType = sourcecode.swift; path = DashboardFeedTimerView.swift; sourceTree = "<group>"; };
		DAEBBF4E24CB7CA30065B232 /* DashboardToolsListView.swift */ = {isa = PBXFileReference; lastKnownFileType = sourcecode.swift; path = DashboardToolsListView.swift; sourceTree = "<group>"; };
		DAEE23D024C979D100E368DC /* DashboardView.swift */ = {isa = PBXFileReference; lastKnownFileType = sourcecode.swift; path = DashboardView.swift; sourceTree = "<group>"; };
		DAEE23D224C9813600E368DC /* Nap+CoreDataClass.swift */ = {isa = PBXFileReference; lastKnownFileType = sourcecode.swift; path = "Nap+CoreDataClass.swift"; sourceTree = "<group>"; };
		DAEE23D324C9813600E368DC /* Nap+CoreDataProperties.swift */ = {isa = PBXFileReference; lastKnownFileType = sourcecode.swift; path = "Nap+CoreDataProperties.swift"; sourceTree = "<group>"; };
		DAEE23D624C981AA00E368DC /* Nap.swift */ = {isa = PBXFileReference; lastKnownFileType = sourcecode.swift; path = Nap.swift; sourceTree = "<group>"; };
		DAEF517124B640A3006CD447 /* Colors.xcassets */ = {isa = PBXFileReference; lastKnownFileType = folder.assetcatalog; path = Colors.xcassets; sourceTree = "<group>"; };
		DAF1FA2724A40DE10051CA6B /* NappyChange.swift */ = {isa = PBXFileReference; lastKnownFileType = sourcecode.swift; path = NappyChange.swift; sourceTree = "<group>"; };
		DAF7517424B7C92C00C83F33 /* ParentProfile+CoreDataClass.swift */ = {isa = PBXFileReference; lastKnownFileType = sourcecode.swift; path = "ParentProfile+CoreDataClass.swift"; sourceTree = "<group>"; };
		DAF7517524B7C92C00C83F33 /* ParentProfile+CoreDataProperties.swift */ = {isa = PBXFileReference; lastKnownFileType = sourcecode.swift; path = "ParentProfile+CoreDataProperties.swift"; sourceTree = "<group>"; };
		DAF7517824B7D2AA00C83F33 /* ExpressedBottle+CoreDataClass.swift */ = {isa = PBXFileReference; lastKnownFileType = sourcecode.swift; path = "ExpressedBottle+CoreDataClass.swift"; sourceTree = "<group>"; };
		DAF7517924B7D2AA00C83F33 /* ExpressedBottle+CoreDataProperties.swift */ = {isa = PBXFileReference; lastKnownFileType = sourcecode.swift; path = "ExpressedBottle+CoreDataProperties.swift"; sourceTree = "<group>"; };
		DAF7517A24B7D2AA00C83F33 /* BottleFeed+CoreDataClass.swift */ = {isa = PBXFileReference; lastKnownFileType = sourcecode.swift; path = "BottleFeed+CoreDataClass.swift"; sourceTree = "<group>"; };
		DAF7517B24B7D2AA00C83F33 /* BottleFeed+CoreDataProperties.swift */ = {isa = PBXFileReference; lastKnownFileType = sourcecode.swift; path = "BottleFeed+CoreDataProperties.swift"; sourceTree = "<group>"; };
		DAF7517C24B7D2AA00C83F33 /* Child+CoreDataClass.swift */ = {isa = PBXFileReference; lastKnownFileType = sourcecode.swift; path = "Child+CoreDataClass.swift"; sourceTree = "<group>"; };
		DAF7517D24B7D2AA00C83F33 /* Child+CoreDataProperties.swift */ = {isa = PBXFileReference; lastKnownFileType = sourcecode.swift; path = "Child+CoreDataProperties.swift"; sourceTree = "<group>"; };
		DAF7518824B7D6BC00C83F33 /* ExpressedBottle.swift */ = {isa = PBXFileReference; lastKnownFileType = sourcecode.swift; path = ExpressedBottle.swift; sourceTree = "<group>"; };
		DAF7518A24B7D78A00C83F33 /* BottleFeed.swift */ = {isa = PBXFileReference; lastKnownFileType = sourcecode.swift; path = BottleFeed.swift; sourceTree = "<group>"; };
		DAFE32352479D7470009B737 /* WelcomeView.swift */ = {isa = PBXFileReference; lastKnownFileType = sourcecode.swift; path = WelcomeView.swift; sourceTree = "<group>"; };
		DAFE32372479D7680009B737 /* AddChildView.swift */ = {isa = PBXFileReference; lastKnownFileType = sourcecode.swift; path = AddChildView.swift; sourceTree = "<group>"; };
		DAFE323C2479D8890009B737 /* ViewSettings.swift */ = {isa = PBXFileReference; lastKnownFileType = sourcecode.swift; path = ViewSettings.swift; sourceTree = "<group>"; };
/* End PBXFileReference section */

/* Begin PBXFrameworksBuildPhase section */
		DADD78F12478609600791F61 /* Frameworks */ = {
			isa = PBXFrameworksBuildPhase;
			buildActionMask = 2147483647;
			files = (
			);
			runOnlyForDeploymentPostprocessing = 0;
		};
		DADD790A2478609700791F61 /* Frameworks */ = {
			isa = PBXFrameworksBuildPhase;
			buildActionMask = 2147483647;
			files = (
			);
			runOnlyForDeploymentPostprocessing = 0;
		};
		DADD79152478609700791F61 /* Frameworks */ = {
			isa = PBXFrameworksBuildPhase;
			buildActionMask = 2147483647;
			files = (
			);
			runOnlyForDeploymentPostprocessing = 0;
		};
/* End PBXFrameworksBuildPhase section */

/* Begin PBXGroup section */
		DA08834624CE1524003B7020 /* Forms */ = {
			isa = PBXGroup;
			children = (
				DAD7E7C824DDF56D00BF5283 /* Parent Data */,
				DA08834924CE423E003B7020 /* BottleFeedsFormSheet.swift */,
				DA08834B24CE45EA003B7020 /* ExpressedMilkFormSheet.swift */,
				DA08834F24CE4AEA003B7020 /* ManualFeedTimerEntryFormSheet.swift */,
				DA08834724CE15A0003B7020 /* NappyChangeFormSheet.swift */,
				DA08835124CE50C8003B7020 /* NaptimeFormSheet.swift */,
				DA08834D24CE4917003B7020 /* SnackFormSheet.swift */,
			);
			path = Forms;
			sourceTree = "<group>";
		};
		DA08835524CF88B2003B7020 /* Children */ = {
			isa = PBXGroup;
			children = (
				DA4DEA2B24D4C4CF00ADC1EA /* ChildrenFormList.swift */,
				DA18ECE324D6026200211144 /* ChildrenDashboardListView.swift */,
				DAC52E5224FC76DE00CF613D /* ChildDataTypeListView.swift */,
			);
			path = Children;
			sourceTree = "<group>";
		};
		DA242A4924EA5B58002931D9 /* Charts */ = {
			isa = PBXGroup;
			children = (
				DAAE21062504C5C600D296D7 /* Bottle Feed Charts */,
				DA8C169A25004F2800FA559F /* Nappy Change Charts */,
				DAA5BBB224FF018D00ED234D /* Duration charts */,
				DAA5BBA524FEE1FE00ED234D /* FeedSessionChildChartsView.swift */,
				DAA5BBAC24FEE43000ED234D /* BottleFeedChildChartsView.swift */,
				DAA5BBAE24FEE49300ED234D /* NapTimeChildChartsView.swift */,
				DAA5BBB024FEE5DE00ED234D /* NappyChangeChildChartsView.swift */,
				DAD5CC5D24EA87E400E0EE77 /* components */,
			);
			path = Charts;
			sourceTree = "<group>";
		};
		DA43F41424BA553C002FE487 /* Datapoint Editing */ = {
			isa = PBXGroup;
			children = (
				DA43F41524BA5547002FE487 /* EditFeedTimeView.swift */,
				DA224EB524DFF946006FCFC3 /* EditNappyChangeView.swift */,
				DA8283CC24C4FD8800E82E45 /* EditFeedSessionView.swift */,
				DA224EB724E000BA006FCFC3 /* EditSnackView.swift */,
				DA224EB324DFF6BD006FCFC3 /* EditNapView.swift */,
				DA224EB124DFF085006FCFC3 /* EditBottleFeedView.swift */,
				DAD3553F24E09AC4006B96B5 /* EditExpressedMilkView.swift */,
			);
			path = "Datapoint Editing";
			sourceTree = "<group>";
		};
		DA458F0424AA0F9D0096F411 /* Extensions */ = {
			isa = PBXGroup;
			children = (
				DA0F7F9A24DABED200955B6B /* UImage+resizable.swift */,
			);
			path = Extensions;
			sourceTree = "<group>";
		};
		DA49B44E24DB53A5001C282A /* Editing */ = {
			isa = PBXGroup;
			children = (
				DA707B5E24AE7622006D21D2 /* ChildEditView.swift */,
			);
			path = Editing;
			sourceTree = "<group>";
		};
		DA5DB18D24A5302E00DE2E01 /* Views */ = {
			isa = PBXGroup;
			children = (
				DA5DB18E24A5304700DE2E01 /* Dashboard */,
				DA08834624CE1524003B7020 /* Forms */,
				DAAAFD5F24AC7FB70064B263 /* Profiles */,
				DA15EA4325018DC500F5DB57 /* DevelopmentDataActionsView.swift */,
				DA88ECAD250119D400DF01E2 /* DashboardToolView.swift */,
			);
			path = Views;
			sourceTree = "<group>";
		};
		DA5DB18E24A5304700DE2E01 /* Dashboard */ = {
			isa = PBXGroup;
			children = (
				DA242A4924EA5B58002931D9 /* Charts */,
				DADBBD5524DF4B0F0082F820 /* Parents */,
				DA8307BB24A7426400454F14 /* Datapoints */,
				DA08835524CF88B2003B7020 /* Children */,
				DAA0490024B533FD007D290D /* Global */,
				DA51154224A28AC400442543 /* DashboardDataRowView.swift */,
				DA51154424A2A8FD00442543 /* DashboardDataView.swift */,
				DAEBBF4C24CB7C900065B232 /* DashboardFeedTimerView.swift */,
				DAEBBF4A24CB7C790065B232 /* DashboardHeaderOverviewView.swift */,
				DAEBBF4824CB7C6C0065B232 /* DashboardHeaderView.swift */,
				DAEBBF4E24CB7CA30065B232 /* DashboardToolsListView.swift */,
				DAEE23D024C979D100E368DC /* DashboardView.swift */,
			);
			path = Dashboard;
			sourceTree = "<group>";
		};
		DA7523742488F0E400D4E89D /* Recovered References */ = {
			isa = PBXGroup;
			children = (
			);
			name = "Recovered References";
			sourceTree = "<group>";
		};
		DA8307BB24A7426400454F14 /* Datapoints */ = {
			isa = PBXGroup;
			children = (
				DA43F41424BA553C002FE487 /* Datapoint Editing */,
				DAE1A7D124B92FFB00FFA96E /* BottleFeedsDataView.swift */,
				DA92439724DE0AAE00339810 /* DatapointsIndexListView.swift */,
				DAE1A7CB24B9200C00FFA96E /* ExpressedMilkDataView.swift */,
				DAE1A7CF24B92E7B00FFA96E /* FeedTimersDataView.swift */,
				DAE1A7CD24B92E5800FFA96E /* NappyChangeDataView.swift */,
				DA49B45124DB624F001C282A /* NaptimesDataView.swift */,
				DA49B44F24DB622E001C282A /* WeaningDataView.swift */,
			);
			path = Datapoints;
			sourceTree = "<group>";
		};
		DA8C169A25004F2800FA559F /* Nappy Change Charts */ = {
			isa = PBXGroup;
			children = (
				DA8C169C25004F6900FA559F /* NappyChangeDailyChartView.swift */,
				DAC0236A2500DFFC00AC02D4 /* NappyChangeWeeklyChartView.swift */,
			);
			path = "Nappy Change Charts";
			sourceTree = "<group>";
		};
		DA918F8424A637D3006DFF99 /* UIKit */ = {
			isa = PBXGroup;
			children = (
				DA458F0424AA0F9D0096F411 /* Extensions */,
				DAB56B92247AD3C800C80E1E /* ViewControllers */,
			);
			path = UIKit;
			sourceTree = "<group>";
		};
		DA9BD44B2486F47B00025C3F /* Fonts */ = {
			isa = PBXGroup;
			children = (
				DA5DB18F24A5352C00DE2E01 /* Pacifico-Regular.ttf */,
			);
			path = Fonts;
			sourceTree = "<group>";
		};
		DAA0490024B533FD007D290D /* Global */ = {
			isa = PBXGroup;
			children = (
				DAA0490324B53449007D290D /* ActiveFeedsTray.swift */,
				DA0F7F9C24DAC65100955B6B /* AvatarImageView.swift */,
			);
			path = Global;
			sourceTree = "<group>";
		};
		DAA5BBB224FF018D00ED234D /* Duration charts */ = {
			isa = PBXGroup;
			children = (
				DAA5BBA624FEE1FE00ED234D /* ChartStatsTodayView.swift */,
				DAA5BBA424FEE1FE00ED234D /* ChartStatsWeeklyView.swift */,
				DAA5BBA724FEE1FE00ED234D /* ChartStatsMonthlyView.swift */,
			);
			path = "Duration charts";
			sourceTree = "<group>";
		};
		DAAAFD5F24AC7FB70064B263 /* Profiles */ = {
			isa = PBXGroup;
			children = (
				DA49B44E24DB53A5001C282A /* Editing */,
				DAFE32342479D6BD0009B737 /* Onboarding */,
			);
			path = Profiles;
			sourceTree = "<group>";
		};
		DAAE21062504C5C600D296D7 /* Bottle Feed Charts */ = {
			isa = PBXGroup;
			children = (
				DAAE21072504C5DB00D296D7 /* BottleFeedWeeklyChartView.swift */,
			);
			path = "Bottle Feed Charts";
			sourceTree = "<group>";
		};
		DAAE21092504D75400D296D7 /* Enums */ = {
			isa = PBXGroup;
			children = (
				DAAE210A2504D76400D296D7 /* CountStatesChartDateRange.swift */,
			);
			path = Enums;
			sourceTree = "<group>";
		};
		DAB1739A247D455600D94537 /* Extensions */ = {
			isa = PBXGroup;
			children = (
				DAF7518A24B7D78A00C83F33 /* BottleFeed.swift */,
				DA635B1A2482698D009BA4FF /* Child.swift */,
				DA2D2A53249805A100E9D811 /* Child+TrackableItems.swift */,
				DA82C18E24899B930009772F /* Date.swift */,
				DA2B0FD524C8E64D00209638 /* DispatchQueue+background.swift */,
				DA4DEA3124D4E30700ADC1EA /* Emotion.swift */,
				DAF7518824B7D6BC00C83F33 /* ExpressedBottle.swift */,
				DAB173A0247D513D00D94537 /* Feed.swift */,
				DAB1739B247D458600D94537 /* FeedSession.swift */,
				DAAF7B3624D210900019C4C4 /* FoodDiaryEntry.swift */,
				DA4DEA2924D4B0B600ADC1EA /* Int32+timers.swift */,
				DAEE23D624C981AA00E368DC /* Nap.swift */,
				DAF1FA2724A40DE10051CA6B /* NappyChange.swift */,
				DAAA33F324AFCD9B0015E03F /* ParentProfile.swift */,
				DA08835324CEC4E9003B7020 /* Snack+snackList.swift */,
				DAB3EF14248AEFBD00667F19 /* String+helpers.swift */,
				DA7F8A7324CB05E800840AF1 /* UIDevice+screen.swift */,
			);
			path = Extensions;
			sourceTree = "<group>";
		};
		DAB1739D247D45A700D94537 /* Protocols */ = {
			isa = PBXGroup;
			children = (
				DAB1739E247D45B600D94537 /* Timeable.swift */,
				DA2D2A512498055C00E9D811 /* Trackable.swift */,
			);
			path = Protocols;
			sourceTree = "<group>";
		};
		DAB56B92247AD3C800C80E1E /* ViewControllers */ = {
			isa = PBXGroup;
			children = (
				DAB56B93247AD4B500C80E1E /* ImagePicker.swift */,
			);
			path = ViewControllers;
			sourceTree = "<group>";
		};
		DABE2EB824F9CFFC00EA6E5D /* Data */ = {
			isa = PBXGroup;
			children = (
				DABE2EB924F9D00700EA6E5D /* TrackableChartData.swift */,
			);
			path = Data;
			sourceTree = "<group>";
		};
		DAD5CC5D24EA87E400E0EE77 /* components */ = {
			isa = PBXGroup;
			children = (
				DAD5CC5E24EA87F600E0EE77 /* BarView.swift */,
			);
			path = components;
			sourceTree = "<group>";
		};
		DAD7E7C824DDF56D00BF5283 /* Parent Data */ = {
			isa = PBXGroup;
			children = (
				DAD7E7C624DDF18400BF5283 /* ParentTrackerFormSheet.swift */,
				DA4DEA2F24D4CF1700ADC1EA /* EmotionDiaryFormSheet.swift */,
				DA4DEA2D24D4CF0E00ADC1EA /* FoodDiaryFormSheet.swift */,
			);
			path = "Parent Data";
			sourceTree = "<group>";
		};
		DADBBD5524DF4B0F0082F820 /* Parents */ = {
			isa = PBXGroup;
			children = (
				DADBBD5624DF4B3E0082F820 /* ParentDashboardDataListView.swift */,
				DADBBD5824DF4EED0082F820 /* ParentEmotionListView.swift */,
				DADBBD5A24DF4EF60082F820 /* ParentFoodDiaryListView.swift */,
			);
			path = Parents;
			sourceTree = "<group>";
		};
		DADBE69724B1C80200B1E3B1 /* Helpers */ = {
			isa = PBXGroup;
			children = (
				DADBE69A24B1CFEF00B1E3B1 /* dateHelpers.swift */,
				DABE2EC324F9D54A00EA6E5D /* chartHelpers.swift */,
			);
			path = Helpers;
			sourceTree = "<group>";
		};
		DADD78EB2478609600791F61 = {
			isa = PBXGroup;
			children = (
				DADD78F62478609600791F61 /* bibs */,
				DADD79102478609700791F61 /* bibsTests */,
				DADD791B2478609700791F61 /* bibsUITests */,
				DADD78F52478609600791F61 /* Products */,
				DA7523742488F0E400D4E89D /* Recovered References */,
			);
			sourceTree = "<group>";
		};
		DADD78F52478609600791F61 /* Products */ = {
			isa = PBXGroup;
			children = (
				DADD78F42478609600791F61 /* bibs.app */,
				DADD790D2478609700791F61 /* bibsTests.xctest */,
				DADD79182478609700791F61 /* bibsUITests.xctest */,
			);
			name = Products;
			sourceTree = "<group>";
		};
		DADD78F62478609600791F61 /* bibs */ = {
			isa = PBXGroup;
			children = (
				DADBE69724B1C80200B1E3B1 /* Helpers */,
				DA918F8424A637D3006DFF99 /* UIKit */,
				DAB1739D247D45A700D94537 /* Protocols */,
				DAFE323B2479D8780009B737 /* Models */,
				DA5DB18D24A5302E00DE2E01 /* Views */,
				DADD78F72478609600791F61 /* AppDelegate.swift */,
				DADD78F92478609600791F61 /* SceneDelegate.swift */,
				DADD78FE2478609600791F61 /* ContentView.swift */,
				DADD79002478609700791F61 /* Assets.xcassets */,
				DA60221225345911009361BF /* LaunchScreen.storyboard */,
				DAEF517124B640A3006CD447 /* Colors.xcassets */,
				DADD79082478609700791F61 /* Info.plist */,
				DADD78FB2478609600791F61 /* bibs.xcdatamodeld */,
				DADD79022478609700791F61 /* Preview Content */,
				DA9BD44B2486F47B00025C3F /* Fonts */,
				DA84208D252B519800ED5105 /* Localizable.strings */,
				DAD4A0402529339100E84EB0 /* Settings.bundle */,
				DA053CDA24F5CD2B00A1D825 /* Localizable.stringsdict */,
			);
			path = bibs;
			sourceTree = "<group>";
		};
		DADD79022478609700791F61 /* Preview Content */ = {
			isa = PBXGroup;
			children = (
				DADD79032478609700791F61 /* Preview Assets.xcassets */,
			);
			path = "Preview Content";
			sourceTree = "<group>";
		};
		DADD79102478609700791F61 /* bibsTests */ = {
			isa = PBXGroup;
			children = (
				DADD79112478609700791F61 /* bibsTests.swift */,
				DADD79132478609700791F61 /* Info.plist */,
			);
			path = bibsTests;
			sourceTree = "<group>";
		};
		DADD791B2478609700791F61 /* bibsUITests */ = {
			isa = PBXGroup;
			children = (
				DADD791C2478609700791F61 /* bibsUITests.swift */,
				DADD791E2478609700791F61 /* Info.plist */,
			);
			path = bibsUITests;
			sourceTree = "<group>";
		};
		DADD792A247864AD00791F61 /* Core Data */ = {
			isa = PBXGroup;
			children = (
				DAAF7B3824D210C70019C4C4 /* FoodDiaryEntry+CoreDataClass.swift */,
				DAAF7B3924D210C70019C4C4 /* FoodDiaryEntry+CoreDataProperties.swift */,
				DAAF7B3224D2107F0019C4C4 /* Emotion+CoreDataClass.swift */,
				DAAF7B3324D2107F0019C4C4 /* Emotion+CoreDataProperties.swift */,
				DA08833E24CCF550003B7020 /* Snack+CoreDataClass.swift */,
				DA08833F24CCF550003B7020 /* Snack+CoreDataProperties.swift */,
				DAEE23D224C9813600E368DC /* Nap+CoreDataClass.swift */,
				DAEE23D324C9813600E368DC /* Nap+CoreDataProperties.swift */,
				DAF7517A24B7D2AA00C83F33 /* BottleFeed+CoreDataClass.swift */,
				DAF7517B24B7D2AA00C83F33 /* BottleFeed+CoreDataProperties.swift */,
				DAF7517C24B7D2AA00C83F33 /* Child+CoreDataClass.swift */,
				DAF7517D24B7D2AA00C83F33 /* Child+CoreDataProperties.swift */,
				DAF7517824B7D2AA00C83F33 /* ExpressedBottle+CoreDataClass.swift */,
				DAF7517924B7D2AA00C83F33 /* ExpressedBottle+CoreDataProperties.swift */,
				DA8307A924A7417500454F14 /* Feed+CoreDataClass.swift */,
				DA8307AE24A7417500454F14 /* Feed+CoreDataProperties.swift */,
				DA8307AC24A7417500454F14 /* FeedSession+CoreDataClass.swift */,
				DA8307A724A7417500454F14 /* FeedSession+CoreDataProperties.swift */,
				DAF7517424B7C92C00C83F33 /* ParentProfile+CoreDataClass.swift */,
				DAF7517524B7C92C00C83F33 /* ParentProfile+CoreDataProperties.swift */,
				DA8307AA24A7417500454F14 /* NappyChange+CoreDataClass.swift */,
				DA8307AB24A7417500454F14 /* NappyChange+CoreDataProperties.swift */,
			);
			path = "Core Data";
			sourceTree = "<group>";
		};
		DAFE32342479D6BD0009B737 /* Onboarding */ = {
			isa = PBXGroup;
			children = (
				DAFE32352479D7470009B737 /* WelcomeView.swift */,
				DAE245B424A5DE3D00018C3F /* AboutYouView.swift */,
				DAFE32372479D7680009B737 /* AddChildView.swift */,
			);
			path = Onboarding;
			sourceTree = "<group>";
		};
		DAFE323B2479D8780009B737 /* Models */ = {
			isa = PBXGroup;
			children = (
				DAAE21092504D75400D296D7 /* Enums */,
				DABE2EB824F9CFFC00EA6E5D /* Data */,
				DAB1739A247D455600D94537 /* Extensions */,
				DADD792A247864AD00791F61 /* Core Data */,
				DAFE323C2479D8890009B737 /* ViewSettings.swift */,
				DAB56B8E247A733300C80E1E /* ProfileObserver.swift */,
				DA842084252B12A500ED5105 /* ParentInsightGenerator.swift */,
			);
			path = Models;
			sourceTree = "<group>";
		};
/* End PBXGroup section */

/* Begin PBXNativeTarget section */
		DADD78F32478609600791F61 /* bibs */ = {
			isa = PBXNativeTarget;
			buildConfigurationList = DADD79212478609700791F61 /* Build configuration list for PBXNativeTarget "bibs" */;
			buildPhases = (
				DADD78F02478609600791F61 /* Sources */,
				DADD78F12478609600791F61 /* Frameworks */,
				DADD78F22478609600791F61 /* Resources */,
			);
			buildRules = (
			);
			dependencies = (
			);
			name = bibs;
			packageProductDependencies = (
			);
			productName = bibs;
			productReference = DADD78F42478609600791F61 /* bibs.app */;
			productType = "com.apple.product-type.application";
		};
		DADD790C2478609700791F61 /* bibsTests */ = {
			isa = PBXNativeTarget;
			buildConfigurationList = DADD79242478609700791F61 /* Build configuration list for PBXNativeTarget "bibsTests" */;
			buildPhases = (
				DADD79092478609700791F61 /* Sources */,
				DADD790A2478609700791F61 /* Frameworks */,
				DADD790B2478609700791F61 /* Resources */,
			);
			buildRules = (
			);
			dependencies = (
				DADD790F2478609700791F61 /* PBXTargetDependency */,
			);
			name = bibsTests;
			productName = bibsTests;
			productReference = DADD790D2478609700791F61 /* bibsTests.xctest */;
			productType = "com.apple.product-type.bundle.unit-test";
		};
		DADD79172478609700791F61 /* bibsUITests */ = {
			isa = PBXNativeTarget;
			buildConfigurationList = DADD79272478609700791F61 /* Build configuration list for PBXNativeTarget "bibsUITests" */;
			buildPhases = (
				DADD79142478609700791F61 /* Sources */,
				DADD79152478609700791F61 /* Frameworks */,
				DADD79162478609700791F61 /* Resources */,
			);
			buildRules = (
			);
			dependencies = (
				DADD791A2478609700791F61 /* PBXTargetDependency */,
			);
			name = bibsUITests;
			productName = bibsUITests;
			productReference = DADD79182478609700791F61 /* bibsUITests.xctest */;
			productType = "com.apple.product-type.bundle.ui-testing";
		};
/* End PBXNativeTarget section */

/* Begin PBXProject section */
		DADD78EC2478609600791F61 /* Project object */ = {
			isa = PBXProject;
			attributes = {
				LastSwiftUpdateCheck = 1140;
				LastUpgradeCheck = 1200;
				ORGANIZATIONNAME = "Paul Hendrick";
				TargetAttributes = {
					DADD78F32478609600791F61 = {
						CreatedOnToolsVersion = 11.4.1;
					};
					DADD790C2478609700791F61 = {
						CreatedOnToolsVersion = 11.4.1;
						TestTargetID = DADD78F32478609600791F61;
					};
					DADD79172478609700791F61 = {
						CreatedOnToolsVersion = 11.4.1;
						TestTargetID = DADD78F32478609600791F61;
					};
				};
			};
			buildConfigurationList = DADD78EF2478609600791F61 /* Build configuration list for PBXProject "bibs" */;
			compatibilityVersion = "Xcode 9.3";
			developmentRegion = en;
			hasScannedForEncodings = 0;
			knownRegions = (
				en,
				"en-GB",
			);
			mainGroup = DADD78EB2478609600791F61;
			packageReferences = (
			);
			productRefGroup = DADD78F52478609600791F61 /* Products */;
			projectDirPath = "";
			projectRoot = "";
			targets = (
				DADD78F32478609600791F61 /* bibs */,
				DADD790C2478609700791F61 /* bibsTests */,
				DADD79172478609700791F61 /* bibsUITests */,
			);
		};
/* End PBXProject section */

/* Begin PBXResourcesBuildPhase section */
		DADD78F22478609600791F61 /* Resources */ = {
			isa = PBXResourcesBuildPhase;
			buildActionMask = 2147483647;
			files = (
				DA053CD824F5CD2B00A1D825 /* Localizable.stringsdict in Resources */,
				DAEF517224B640A3006CD447 /* Colors.xcassets in Resources */,
				DADD79042478609700791F61 /* Preview Assets.xcassets in Resources */,
				DA60221325345911009361BF /* LaunchScreen.storyboard in Resources */,
				DAD4A0412529339100E84EB0 /* Settings.bundle in Resources */,
				DA5DB19024A5352C00DE2E01 /* Pacifico-Regular.ttf in Resources */,
				DA84208B252B519800ED5105 /* Localizable.strings in Resources */,
				DADD79012478609700791F61 /* Assets.xcassets in Resources */,
			);
			runOnlyForDeploymentPostprocessing = 0;
		};
		DADD790B2478609700791F61 /* Resources */ = {
			isa = PBXResourcesBuildPhase;
			buildActionMask = 2147483647;
			files = (
			);
			runOnlyForDeploymentPostprocessing = 0;
		};
		DADD79162478609700791F61 /* Resources */ = {
			isa = PBXResourcesBuildPhase;
			buildActionMask = 2147483647;
			files = (
			);
			runOnlyForDeploymentPostprocessing = 0;
		};
/* End PBXResourcesBuildPhase section */

/* Begin PBXSourcesBuildPhase section */
		DADD78F02478609600791F61 /* Sources */ = {
			isa = PBXSourcesBuildPhase;
			buildActionMask = 2147483647;
			files = (
				DAA5BBA824FEE27100ED234D /* FeedSessionChildChartsView.swift in Sources */,
				DAA5BBA924FEE27100ED234D /* ChartStatsTodayView.swift in Sources */,
				DAA5BBAA24FEE27100ED234D /* ChartStatsWeeklyView.swift in Sources */,
				DAA5BBAB24FEE27100ED234D /* ChartStatsMonthlyView.swift in Sources */,
				DAB1739C247D458600D94537 /* FeedSession.swift in Sources */,
				DA49B45024DB622E001C282A /* WeaningDataView.swift in Sources */,
				DA8C169D25004F6900FA559F /* NappyChangeDailyChartView.swift in Sources */,
				DAFE323D2479D8890009B737 /* ViewSettings.swift in Sources */,
				DAC52E5324FC76DE00CF613D /* ChildDataTypeListView.swift in Sources */,
				DAEE23D124C979D100E368DC /* DashboardView.swift in Sources */,
				DA2D2A522498055C00E9D811 /* Trackable.swift in Sources */,
				DAF7518924B7D6BC00C83F33 /* ExpressedBottle.swift in Sources */,
				DA4DEA3224D4E30700ADC1EA /* Emotion.swift in Sources */,
				DAEE23D724C981AA00E368DC /* Nap.swift in Sources */,
				DADD78F82478609600791F61 /* AppDelegate.swift in Sources */,
				DAF7518124B7D2AA00C83F33 /* BottleFeed+CoreDataProperties.swift in Sources */,
				DAB1739F247D45B600D94537 /* Timeable.swift in Sources */,
				DAB56B94247AD4B500C80E1E /* ImagePicker.swift in Sources */,
				DAD5CC5F24EA87F600E0EE77 /* BarView.swift in Sources */,
				DAB3EF15248AEFBD00667F19 /* String+helpers.swift in Sources */,
				DA842085252B12A500ED5105 /* ParentInsightGenerator.swift in Sources */,
				DA08834E24CE4917003B7020 /* SnackFormSheet.swift in Sources */,
				DAB173A1247D513D00D94537 /* Feed.swift in Sources */,
				DA08834824CE15A0003B7020 /* NappyChangeFormSheet.swift in Sources */,
				DA224EB824E000BA006FCFC3 /* EditSnackView.swift in Sources */,
				DAEBBF4F24CB7CA30065B232 /* DashboardToolsListView.swift in Sources */,
				DA43F41624BA5547002FE487 /* EditFeedTimeView.swift in Sources */,
				DABE2EC424F9D54A00EA6E5D /* chartHelpers.swift in Sources */,
				DA08835024CE4AEA003B7020 /* ManualFeedTimerEntryFormSheet.swift in Sources */,
				DA88ECAE250119D400DF01E2 /* DashboardToolView.swift in Sources */,
				DA08834124CCF550003B7020 /* Snack+CoreDataProperties.swift in Sources */,
				DAF1FA2824A40DE10051CA6B /* NappyChange.swift in Sources */,
				DADBBD5724DF4B3E0082F820 /* ParentDashboardDataListView.swift in Sources */,
				DAA5BBAD24FEE43000ED234D /* BottleFeedChildChartsView.swift in Sources */,
				DA8307B124A7417500454F14 /* FeedSession+CoreDataProperties.swift in Sources */,
				DAEE23D524C9813600E368DC /* Nap+CoreDataProperties.swift in Sources */,
				DA2B0FD624C8E64D00209638 /* DispatchQueue+background.swift in Sources */,
				DAE1A7CC24B9200C00FFA96E /* ExpressedMilkDataView.swift in Sources */,
				DA8307B324A7417500454F14 /* Feed+CoreDataClass.swift in Sources */,
				DAA0490424B53449007D290D /* ActiveFeedsTray.swift in Sources */,
				DABE2EBA24F9D00700EA6E5D /* TrackableChartData.swift in Sources */,
				DAE1A7D024B92E7B00FFA96E /* FeedTimersDataView.swift in Sources */,
				DAF7518024B7D2AA00C83F33 /* BottleFeed+CoreDataClass.swift in Sources */,
				DAA5BBAF24FEE49300ED234D /* NapTimeChildChartsView.swift in Sources */,
				DA0F7F9D24DAC65100955B6B /* AvatarImageView.swift in Sources */,
				DA8283CD24C4FD8800E82E45 /* EditFeedSessionView.swift in Sources */,
				DAAF7B3A24D210C70019C4C4 /* FoodDiaryEntry+CoreDataClass.swift in Sources */,
				DA15EA4425018DC500F5DB57 /* DevelopmentDataActionsView.swift in Sources */,
				DAF7518224B7D2AA00C83F33 /* Child+CoreDataClass.swift in Sources */,
				DA4DEA2C24D4C4CF00ADC1EA /* ChildrenFormList.swift in Sources */,
				DAF7517F24B7D2AA00C83F33 /* ExpressedBottle+CoreDataProperties.swift in Sources */,
				DA51154324A28AC400442543 /* DashboardDataRowView.swift in Sources */,
				DA08835224CE50C8003B7020 /* NaptimeFormSheet.swift in Sources */,
				DADBBD5B24DF4EF60082F820 /* ParentFoodDiaryListView.swift in Sources */,
				DA4DEA2E24D4CF0E00ADC1EA /* FoodDiaryFormSheet.swift in Sources */,
				DAAF7B3424D2107F0019C4C4 /* Emotion+CoreDataClass.swift in Sources */,
				DADD78FA2478609600791F61 /* SceneDelegate.swift in Sources */,
				DA08834A24CE423E003B7020 /* BottleFeedsFormSheet.swift in Sources */,
				DAEBBF4D24CB7C900065B232 /* DashboardFeedTimerView.swift in Sources */,
				DAEE23D424C9813600E368DC /* Nap+CoreDataClass.swift in Sources */,
				DA4DEA3024D4CF1700ADC1EA /* EmotionDiaryFormSheet.swift in Sources */,
				DA08834C24CE45EA003B7020 /* ExpressedMilkFormSheet.swift in Sources */,
				DA8307B424A7417500454F14 /* NappyChange+CoreDataClass.swift in Sources */,
				DA224EB424DFF6BD006FCFC3 /* EditNapView.swift in Sources */,
				DA18ECE424D6026200211144 /* ChildrenDashboardListView.swift in Sources */,
				DA51154524A2A8FD00442543 /* DashboardDataView.swift in Sources */,
				DA8307B824A7417500454F14 /* Feed+CoreDataProperties.swift in Sources */,
				DADD78FF2478609600791F61 /* ContentView.swift in Sources */,
				DAAE21082504C5DB00D296D7 /* BottleFeedWeeklyChartView.swift in Sources */,
				DAF7517624B7C92C00C83F33 /* ParentProfile+CoreDataClass.swift in Sources */,
				DADD78FD2478609600791F61 /* bibs.xcdatamodeld in Sources */,
				DA4DEA2A24D4B0B600ADC1EA /* Int32+timers.swift in Sources */,
				DA2D2A54249805A100E9D811 /* Child+TrackableItems.swift in Sources */,
				DAFE32382479D7680009B737 /* AddChildView.swift in Sources */,
				DAF7517724B7C92C00C83F33 /* ParentProfile+CoreDataProperties.swift in Sources */,
				DAE1A7D224B92FFB00FFA96E /* BottleFeedsDataView.swift in Sources */,
				DAF7517E24B7D2AA00C83F33 /* ExpressedBottle+CoreDataClass.swift in Sources */,
				DADBBD5924DF4EED0082F820 /* ParentEmotionListView.swift in Sources */,
				DAAF7B3B24D210C70019C4C4 /* FoodDiaryEntry+CoreDataProperties.swift in Sources */,
				DA8307B624A7417500454F14 /* FeedSession+CoreDataClass.swift in Sources */,
				DAE245B524A5DE3D00018C3F /* AboutYouView.swift in Sources */,
				DA08834024CCF550003B7020 /* Snack+CoreDataClass.swift in Sources */,
				DA49B45224DB624F001C282A /* NaptimesDataView.swift in Sources */,
				DA707B5F24AE7622006D21D2 /* ChildEditView.swift in Sources */,
				DAFE32362479D7470009B737 /* WelcomeView.swift in Sources */,
				DAC0236B2500DFFC00AC02D4 /* NappyChangeWeeklyChartView.swift in Sources */,
				DA08835424CEC4E9003B7020 /* Snack+snackList.swift in Sources */,
				DA224EB624DFF946006FCFC3 /* EditNappyChangeView.swift in Sources */,
				DAF7518324B7D2AA00C83F33 /* Child+CoreDataProperties.swift in Sources */,
				DA82C18F24899B930009772F /* Date.swift in Sources */,
				DA635B1B2482698D009BA4FF /* Child.swift in Sources */,
				DAEBBF4924CB7C6C0065B232 /* DashboardHeaderView.swift in Sources */,
				DA224EB224DFF085006FCFC3 /* EditBottleFeedView.swift in Sources */,
				DA7F8A7424CB05E800840AF1 /* UIDevice+screen.swift in Sources */,
				DA8307B524A7417500454F14 /* NappyChange+CoreDataProperties.swift in Sources */,
				DAAF7B3724D210900019C4C4 /* FoodDiaryEntry.swift in Sources */,
				DA92439824DE0AAE00339810 /* DatapointsIndexListView.swift in Sources */,
				DAAA33F424AFCD9B0015E03F /* ParentProfile.swift in Sources */,
				DAB56B8F247A733300C80E1E /* ProfileObserver.swift in Sources */,
				DAF7518B24B7D78A00C83F33 /* BottleFeed.swift in Sources */,
				DAD7E7C724DDF18400BF5283 /* ParentTrackerFormSheet.swift in Sources */,
				DAEBBF4B24CB7C790065B232 /* DashboardHeaderOverviewView.swift in Sources */,
				DAA5BBB124FEE5DE00ED234D /* NappyChangeChildChartsView.swift in Sources */,
				DAD3554024E09AC4006B96B5 /* EditExpressedMilkView.swift in Sources */,
				DADBE69B24B1CFEF00B1E3B1 /* dateHelpers.swift in Sources */,
				DAAE210B2504D76400D296D7 /* CountStatesChartDateRange.swift in Sources */,
				DA0F7F9B24DABED200955B6B /* UImage+resizable.swift in Sources */,
				DAE1A7CE24B92E5800FFA96E /* NappyChangeDataView.swift in Sources */,
				DAAF7B3524D2107F0019C4C4 /* Emotion+CoreDataProperties.swift in Sources */,
			);
			runOnlyForDeploymentPostprocessing = 0;
		};
		DADD79092478609700791F61 /* Sources */ = {
			isa = PBXSourcesBuildPhase;
			buildActionMask = 2147483647;
			files = (
				DADD79122478609700791F61 /* bibsTests.swift in Sources */,
			);
			runOnlyForDeploymentPostprocessing = 0;
		};
		DADD79142478609700791F61 /* Sources */ = {
			isa = PBXSourcesBuildPhase;
			buildActionMask = 2147483647;
			files = (
				DADD791D2478609700791F61 /* bibsUITests.swift in Sources */,
			);
			runOnlyForDeploymentPostprocessing = 0;
		};
/* End PBXSourcesBuildPhase section */

/* Begin PBXTargetDependency section */
		DADD790F2478609700791F61 /* PBXTargetDependency */ = {
			isa = PBXTargetDependency;
			target = DADD78F32478609600791F61 /* bibs */;
			targetProxy = DADD790E2478609700791F61 /* PBXContainerItemProxy */;
		};
		DADD791A2478609700791F61 /* PBXTargetDependency */ = {
			isa = PBXTargetDependency;
			target = DADD78F32478609600791F61 /* bibs */;
			targetProxy = DADD79192478609700791F61 /* PBXContainerItemProxy */;
		};
/* End PBXTargetDependency section */

/* Begin PBXVariantGroup section */
		DA053CDA24F5CD2B00A1D825 /* Localizable.stringsdict */ = {
			isa = PBXVariantGroup;
			children = (
				DA053CD924F5CD2B00A1D825 /* en */,
				DA8420B4252B83E900ED5105 /* en-GB */,
			);
			name = Localizable.stringsdict;
			sourceTree = "<group>";
		};
		DA84208D252B519800ED5105 /* Localizable.strings */ = {
			isa = PBXVariantGroup;
			children = (
				DA842091252B51C100ED5105 /* en */,
				DA8420B3252B83E900ED5105 /* en-GB */,
			);
			name = Localizable.strings;
			sourceTree = "<group>";
		};
/* End PBXVariantGroup section */

/* Begin XCBuildConfiguration section */
		DADD791F2478609700791F61 /* Debug */ = {
			isa = XCBuildConfiguration;
			buildSettings = {
				ALWAYS_SEARCH_USER_PATHS = NO;
				CLANG_ANALYZER_LOCALIZABILITY_NONLOCALIZED = YES;
				CLANG_ANALYZER_NONNULL = YES;
				CLANG_ANALYZER_NUMBER_OBJECT_CONVERSION = YES_AGGRESSIVE;
				CLANG_CXX_LANGUAGE_STANDARD = "gnu++14";
				CLANG_CXX_LIBRARY = "libc++";
				CLANG_ENABLE_MODULES = YES;
				CLANG_ENABLE_OBJC_ARC = YES;
				CLANG_ENABLE_OBJC_WEAK = YES;
				CLANG_WARN_BLOCK_CAPTURE_AUTORELEASING = YES;
				CLANG_WARN_BOOL_CONVERSION = YES;
				CLANG_WARN_COMMA = YES;
				CLANG_WARN_CONSTANT_CONVERSION = YES;
				CLANG_WARN_DEPRECATED_OBJC_IMPLEMENTATIONS = YES;
				CLANG_WARN_DIRECT_OBJC_ISA_USAGE = YES_ERROR;
				CLANG_WARN_DOCUMENTATION_COMMENTS = YES;
				CLANG_WARN_EMPTY_BODY = YES;
				CLANG_WARN_ENUM_CONVERSION = YES;
				CLANG_WARN_INFINITE_RECURSION = YES;
				CLANG_WARN_INT_CONVERSION = YES;
				CLANG_WARN_NON_LITERAL_NULL_CONVERSION = YES;
				CLANG_WARN_OBJC_IMPLICIT_RETAIN_SELF = YES;
				CLANG_WARN_OBJC_LITERAL_CONVERSION = YES;
				CLANG_WARN_OBJC_ROOT_CLASS = YES_ERROR;
				CLANG_WARN_QUOTED_INCLUDE_IN_FRAMEWORK_HEADER = YES;
				CLANG_WARN_RANGE_LOOP_ANALYSIS = YES;
				CLANG_WARN_STRICT_PROTOTYPES = YES;
				CLANG_WARN_SUSPICIOUS_MOVE = YES;
				CLANG_WARN_UNGUARDED_AVAILABILITY = YES_AGGRESSIVE;
				CLANG_WARN_UNREACHABLE_CODE = YES;
				CLANG_WARN__DUPLICATE_METHOD_MATCH = YES;
				COPY_PHASE_STRIP = NO;
				DEBUG_INFORMATION_FORMAT = dwarf;
				ENABLE_STRICT_OBJC_MSGSEND = YES;
				ENABLE_TESTABILITY = YES;
				GCC_C_LANGUAGE_STANDARD = gnu11;
				GCC_DYNAMIC_NO_PIC = NO;
				GCC_NO_COMMON_BLOCKS = YES;
				GCC_OPTIMIZATION_LEVEL = 0;
				GCC_PREPROCESSOR_DEFINITIONS = (
					"DEBUG=1",
					"$(inherited)",
				);
				GCC_WARN_64_TO_32_BIT_CONVERSION = YES;
				GCC_WARN_ABOUT_RETURN_TYPE = YES_ERROR;
				GCC_WARN_UNDECLARED_SELECTOR = YES;
				GCC_WARN_UNINITIALIZED_AUTOS = YES_AGGRESSIVE;
				GCC_WARN_UNUSED_FUNCTION = YES;
				GCC_WARN_UNUSED_VARIABLE = YES;
				IPHONEOS_DEPLOYMENT_TARGET = 13.4;
				MTL_ENABLE_DEBUG_INFO = INCLUDE_SOURCE;
				MTL_FAST_MATH = YES;
				ONLY_ACTIVE_ARCH = YES;
				SDKROOT = iphoneos;
				SWIFT_ACTIVE_COMPILATION_CONDITIONS = DEBUG;
				SWIFT_OPTIMIZATION_LEVEL = "-Onone";
				WARNING_CFLAGS = (
					"-Wall",
					"-Wextra",
					"-Weverything",
				);
			};
			name = Debug;
		};
		DADD79202478609700791F61 /* Release */ = {
			isa = XCBuildConfiguration;
			buildSettings = {
				ALWAYS_SEARCH_USER_PATHS = NO;
				CLANG_ANALYZER_LOCALIZABILITY_NONLOCALIZED = YES;
				CLANG_ANALYZER_NONNULL = YES;
				CLANG_ANALYZER_NUMBER_OBJECT_CONVERSION = YES_AGGRESSIVE;
				CLANG_CXX_LANGUAGE_STANDARD = "gnu++14";
				CLANG_CXX_LIBRARY = "libc++";
				CLANG_ENABLE_MODULES = YES;
				CLANG_ENABLE_OBJC_ARC = YES;
				CLANG_ENABLE_OBJC_WEAK = YES;
				CLANG_WARN_BLOCK_CAPTURE_AUTORELEASING = YES;
				CLANG_WARN_BOOL_CONVERSION = YES;
				CLANG_WARN_COMMA = YES;
				CLANG_WARN_CONSTANT_CONVERSION = YES;
				CLANG_WARN_DEPRECATED_OBJC_IMPLEMENTATIONS = YES;
				CLANG_WARN_DIRECT_OBJC_ISA_USAGE = YES_ERROR;
				CLANG_WARN_DOCUMENTATION_COMMENTS = YES;
				CLANG_WARN_EMPTY_BODY = YES;
				CLANG_WARN_ENUM_CONVERSION = YES;
				CLANG_WARN_INFINITE_RECURSION = YES;
				CLANG_WARN_INT_CONVERSION = YES;
				CLANG_WARN_NON_LITERAL_NULL_CONVERSION = YES;
				CLANG_WARN_OBJC_IMPLICIT_RETAIN_SELF = YES;
				CLANG_WARN_OBJC_LITERAL_CONVERSION = YES;
				CLANG_WARN_OBJC_ROOT_CLASS = YES_ERROR;
				CLANG_WARN_QUOTED_INCLUDE_IN_FRAMEWORK_HEADER = YES;
				CLANG_WARN_RANGE_LOOP_ANALYSIS = YES;
				CLANG_WARN_STRICT_PROTOTYPES = YES;
				CLANG_WARN_SUSPICIOUS_MOVE = YES;
				CLANG_WARN_UNGUARDED_AVAILABILITY = YES_AGGRESSIVE;
				CLANG_WARN_UNREACHABLE_CODE = YES;
				CLANG_WARN__DUPLICATE_METHOD_MATCH = YES;
				COPY_PHASE_STRIP = NO;
				DEBUG_INFORMATION_FORMAT = "dwarf-with-dsym";
				ENABLE_NS_ASSERTIONS = NO;
				ENABLE_STRICT_OBJC_MSGSEND = YES;
				GCC_C_LANGUAGE_STANDARD = gnu11;
				GCC_NO_COMMON_BLOCKS = YES;
				GCC_WARN_64_TO_32_BIT_CONVERSION = YES;
				GCC_WARN_ABOUT_RETURN_TYPE = YES_ERROR;
				GCC_WARN_UNDECLARED_SELECTOR = YES;
				GCC_WARN_UNINITIALIZED_AUTOS = YES_AGGRESSIVE;
				GCC_WARN_UNUSED_FUNCTION = YES;
				GCC_WARN_UNUSED_VARIABLE = YES;
				IPHONEOS_DEPLOYMENT_TARGET = 13.4;
				MTL_ENABLE_DEBUG_INFO = NO;
				MTL_FAST_MATH = YES;
				ONLY_ACTIVE_ARCH = NO;
				SDKROOT = iphoneos;
				SWIFT_COMPILATION_MODE = wholemodule;
				SWIFT_OPTIMIZATION_LEVEL = "-O";
				VALIDATE_PRODUCT = YES;
				WARNING_CFLAGS = (
					"-Wall",
					"-Wextra",
					"-Weverything",
				);
			};
			name = Release;
		};
		DADD79222478609700791F61 /* Debug */ = {
			isa = XCBuildConfiguration;
			buildSettings = {
				ASSETCATALOG_COMPILER_APPICON_NAME = AppIcon;
				CODE_SIGN_STYLE = Automatic;
				CURRENT_PROJECT_VERSION = 1.0.9;
				DEVELOPMENT_ASSET_PATHS = "\"bibs/Preview Content\"";
				DEVELOPMENT_TEAM = 8B5655RNZN;
				ENABLE_PREVIEWS = YES;
				INFOPLIST_FILE = bibs/Info.plist;
				LD_RUNPATH_SEARCH_PATHS = (
					"$(inherited)",
					"@executable_path/Frameworks",
				);
				MARKETING_VERSION = 1.0.9;
				PRODUCT_BUNDLE_IDENTIFIER = hendrick.dev.bibs;
				PRODUCT_NAME = "$(TARGET_NAME)";
				SWIFT_VERSION = 5.0;
				TARGETED_DEVICE_FAMILY = 1;
			};
			name = Debug;
		};
		DADD79232478609700791F61 /* Release */ = {
			isa = XCBuildConfiguration;
			buildSettings = {
				ASSETCATALOG_COMPILER_APPICON_NAME = AppIcon;
				CODE_SIGN_STYLE = Automatic;
				CURRENT_PROJECT_VERSION = 1.0.9;
				DEVELOPMENT_ASSET_PATHS = "\"bibs/Preview Content\"";
				DEVELOPMENT_TEAM = 8B5655RNZN;
				ENABLE_PREVIEWS = YES;
				INFOPLIST_FILE = bibs/Info.plist;
				LD_RUNPATH_SEARCH_PATHS = (
					"$(inherited)",
					"@executable_path/Frameworks",
				);
				MARKETING_VERSION = 1.0.9;
				PRODUCT_BUNDLE_IDENTIFIER = hendrick.dev.bibs;
				PRODUCT_NAME = "$(TARGET_NAME)";
				SWIFT_VERSION = 5.0;
				TARGETED_DEVICE_FAMILY = 1;
			};
			name = Release;
		};
		DADD79252478609700791F61 /* Debug */ = {
			isa = XCBuildConfiguration;
			buildSettings = {
				ALWAYS_EMBED_SWIFT_STANDARD_LIBRARIES = YES;
				BUNDLE_LOADER = "$(TEST_HOST)";
				CODE_SIGN_STYLE = Automatic;
				DEVELOPMENT_TEAM = 8B5655RNZN;
				INFOPLIST_FILE = bibsTests/Info.plist;
				IPHONEOS_DEPLOYMENT_TARGET = 13.4;
				LD_RUNPATH_SEARCH_PATHS = (
					"$(inherited)",
					"@executable_path/Frameworks",
					"@loader_path/Frameworks",
				);
				PRODUCT_BUNDLE_IDENTIFIER = tablo.dev.bibsTests;
				PRODUCT_NAME = "$(TARGET_NAME)";
				SWIFT_VERSION = 5.0;
				TARGETED_DEVICE_FAMILY = "1,2";
				TEST_HOST = "$(BUILT_PRODUCTS_DIR)/bibs.app/bibs";
			};
			name = Debug;
		};
		DADD79262478609700791F61 /* Release */ = {
			isa = XCBuildConfiguration;
			buildSettings = {
				ALWAYS_EMBED_SWIFT_STANDARD_LIBRARIES = YES;
				BUNDLE_LOADER = "$(TEST_HOST)";
				CODE_SIGN_STYLE = Automatic;
				DEVELOPMENT_TEAM = 8B5655RNZN;
				INFOPLIST_FILE = bibsTests/Info.plist;
				IPHONEOS_DEPLOYMENT_TARGET = 13.4;
				LD_RUNPATH_SEARCH_PATHS = (
					"$(inherited)",
					"@executable_path/Frameworks",
					"@loader_path/Frameworks",
				);
				PRODUCT_BUNDLE_IDENTIFIER = tablo.dev.bibsTests;
				PRODUCT_NAME = "$(TARGET_NAME)";
				SWIFT_VERSION = 5.0;
				TARGETED_DEVICE_FAMILY = "1,2";
				TEST_HOST = "$(BUILT_PRODUCTS_DIR)/bibs.app/bibs";
			};
			name = Release;
		};
		DADD79282478609700791F61 /* Debug */ = {
			isa = XCBuildConfiguration;
			buildSettings = {
				ALWAYS_EMBED_SWIFT_STANDARD_LIBRARIES = YES;
				CODE_SIGN_STYLE = Automatic;
				DEVELOPMENT_TEAM = 8B5655RNZN;
				INFOPLIST_FILE = bibsUITests/Info.plist;
				LD_RUNPATH_SEARCH_PATHS = (
					"$(inherited)",
					"@executable_path/Frameworks",
					"@loader_path/Frameworks",
				);
				PRODUCT_BUNDLE_IDENTIFIER = tablo.dev.bibsUITests;
				PRODUCT_NAME = "$(TARGET_NAME)";
				SWIFT_VERSION = 5.0;
				TARGETED_DEVICE_FAMILY = "1,2";
				TEST_TARGET_NAME = bibs;
			};
			name = Debug;
		};
		DADD79292478609700791F61 /* Release */ = {
			isa = XCBuildConfiguration;
			buildSettings = {
				ALWAYS_EMBED_SWIFT_STANDARD_LIBRARIES = YES;
				CODE_SIGN_STYLE = Automatic;
				DEVELOPMENT_TEAM = 8B5655RNZN;
				INFOPLIST_FILE = bibsUITests/Info.plist;
				LD_RUNPATH_SEARCH_PATHS = (
					"$(inherited)",
					"@executable_path/Frameworks",
					"@loader_path/Frameworks",
				);
				PRODUCT_BUNDLE_IDENTIFIER = tablo.dev.bibsUITests;
				PRODUCT_NAME = "$(TARGET_NAME)";
				SWIFT_VERSION = 5.0;
				TARGETED_DEVICE_FAMILY = "1,2";
				TEST_TARGET_NAME = bibs;
			};
			name = Release;
		};
/* End XCBuildConfiguration section */

/* Begin XCConfigurationList section */
		DADD78EF2478609600791F61 /* Build configuration list for PBXProject "bibs" */ = {
			isa = XCConfigurationList;
			buildConfigurations = (
				DADD791F2478609700791F61 /* Debug */,
				DADD79202478609700791F61 /* Release */,
			);
			defaultConfigurationIsVisible = 0;
			defaultConfigurationName = Release;
		};
		DADD79212478609700791F61 /* Build configuration list for PBXNativeTarget "bibs" */ = {
			isa = XCConfigurationList;
			buildConfigurations = (
				DADD79222478609700791F61 /* Debug */,
				DADD79232478609700791F61 /* Release */,
			);
			defaultConfigurationIsVisible = 0;
			defaultConfigurationName = Release;
		};
		DADD79242478609700791F61 /* Build configuration list for PBXNativeTarget "bibsTests" */ = {
			isa = XCConfigurationList;
			buildConfigurations = (
				DADD79252478609700791F61 /* Debug */,
				DADD79262478609700791F61 /* Release */,
			);
			defaultConfigurationIsVisible = 0;
			defaultConfigurationName = Release;
		};
		DADD79272478609700791F61 /* Build configuration list for PBXNativeTarget "bibsUITests" */ = {
			isa = XCConfigurationList;
			buildConfigurations = (
				DADD79282478609700791F61 /* Debug */,
				DADD79292478609700791F61 /* Release */,
			);
			defaultConfigurationIsVisible = 0;
			defaultConfigurationName = Release;
		};
/* End XCConfigurationList section */

/* Begin XCVersionGroup section */
		DADD78FB2478609600791F61 /* bibs.xcdatamodeld */ = {
			isa = XCVersionGroup;
			children = (
				DADD78FC2478609600791F61 /* bibs.xcdatamodel */,
			);
			currentVersion = DADD78FC2478609600791F61 /* bibs.xcdatamodel */;
			path = bibs.xcdatamodeld;
			sourceTree = "<group>";
			versionGroupType = wrapper.xcdatamodel;
		};
/* End XCVersionGroup section */
	};
	rootObject = DADD78EC2478609600791F61 /* Project object */;
}
